// !$*UTF8*$!
{
	archiveVersion = 1;
	classes = {
	};
	objectVersion = 56;
	objects = {

/* Begin PBXBuildFile section */
		6C7B24DE2C0E7FF0007D7B2E /* OpenGL.framework in Frameworks */ = {isa = PBXBuildFile; fileRef = 6C7B24DD2C0E7FF0007D7B2E /* OpenGL.framework */; };
		6C7B24E02C0E809B007D7B2E /* libGLEW.dylib in Frameworks */ = {isa = PBXBuildFile; fileRef = 6C7B24DF2C0E809B007D7B2E /* libGLEW.dylib */; };
		6C7B24E12C0E809B007D7B2E /* libGLEW.dylib in Embed Frameworks */ = {isa = PBXBuildFile; fileRef = 6C7B24DF2C0E809B007D7B2E /* libGLEW.dylib */; settings = {ATTRIBUTES = (CodeSignOnCopy, ); }; };
		6C7B24E32C0E8139007D7B2E /* shaders in Resources */ = {isa = PBXBuildFile; fileRef = 6C7B24E22C0E8139007D7B2E /* shaders */; };
		6CBDCEFE2C0DF2240078BDAB /* images in Resources */ = {isa = PBXBuildFile; fileRef = 6CBDCEFD2C0DF2240078BDAB /* images */; };
		6CBDCF002C0DF23E0078BDAB /* 8x8.png in Resources */ = {isa = PBXBuildFile; fileRef = 6CBDCEFF2C0DF23E0078BDAB /* 8x8.png */; };
		6CE2E2D72C0BCE0F00739BBF /* main.cpp in Sources */ = {isa = PBXBuildFile; fileRef = 6CE2E2D62C0BCE0F00739BBF /* main.cpp */; };
		6CE2E2DF2C0BD12800739BBF /* Assets.xcassets in Resources */ = {isa = PBXBuildFile; fileRef = 6CE2E2DE2C0BD12800739BBF /* Assets.xcassets */; };
		6CE2E2EB2C0CAEA300739BBF /* SDL2.framework in Frameworks */ = {isa = PBXBuildFile; fileRef = 6CE2E2EA2C0CAEA300739BBF /* SDL2.framework */; };
		6CE2E2EC2C0CAEA300739BBF /* SDL2.framework in Embed Frameworks */ = {isa = PBXBuildFile; fileRef = 6CE2E2EA2C0CAEA300739BBF /* SDL2.framework */; settings = {ATTRIBUTES = (CodeSignOnCopy, RemoveHeadersOnCopy, ); }; };
		6CE2E2EF2C0CAEA500739BBF /* SDL2_image.framework in Frameworks */ = {isa = PBXBuildFile; fileRef = 6CE2E2EE2C0CAEA500739BBF /* SDL2_image.framework */; };
		6CE2E2F02C0CAEA500739BBF /* SDL2_image.framework in Embed Frameworks */ = {isa = PBXBuildFile; fileRef = 6CE2E2EE2C0CAEA500739BBF /* SDL2_image.framework */; settings = {ATTRIBUTES = (CodeSignOnCopy, RemoveHeadersOnCopy, ); }; };
/* End PBXBuildFile section */

/* Begin PBXCopyFilesBuildPhase section */
		6CE2E2ED2C0CAEA300739BBF /* Embed Frameworks */ = {
			isa = PBXCopyFilesBuildPhase;
			buildActionMask = 2147483647;
			dstPath = "";
			dstSubfolderSpec = 10;
			files = (
				6CE2E2EC2C0CAEA300739BBF /* SDL2.framework in Embed Frameworks */,
				6C7B24E12C0E809B007D7B2E /* libGLEW.dylib in Embed Frameworks */,
				6CE2E2F02C0CAEA500739BBF /* SDL2_image.framework in Embed Frameworks */,
			);
			name = "Embed Frameworks";
			runOnlyForDeploymentPostprocessing = 0;
		};
/* End PBXCopyFilesBuildPhase section */

/* Begin PBXFileReference section */
		6C7B24DC2C0E7FA6007D7B2E /* openGL.h */ = {isa = PBXFileReference; lastKnownFileType = sourcecode.c.h; path = openGL.h; sourceTree = "<group>"; };
		6C7B24DD2C0E7FF0007D7B2E /* OpenGL.framework */ = {isa = PBXFileReference; lastKnownFileType = wrapper.framework; name = OpenGL.framework; path = System/Library/Frameworks/OpenGL.framework; sourceTree = SDKROOT; };
		6C7B24DF2C0E809B007D7B2E /* libGLEW.dylib */ = {isa = PBXFileReference; lastKnownFileType = "compiled.mach-o.dylib"; name = libGLEW.dylib; path = ../../../../../usr/local/lib/libGLEW.dylib; sourceTree = "<group>"; };
		6C7B24E22C0E8139007D7B2E /* shaders */ = {isa = PBXFileReference; lastKnownFileType = folder; name = shaders; path = ../src/shaders; sourceTree = SOURCE_ROOT; };
		6CBDCEFD2C0DF2240078BDAB /* images */ = {isa = PBXFileReference; lastKnownFileType = folder; name = images; path = ../examples/images; sourceTree = "<group>"; };
		6CBDCEFF2C0DF23E0078BDAB /* 8x8.png */ = {isa = PBXFileReference; lastKnownFileType = image.png; path = 8x8.png; sourceTree = "<group>"; };
		6CE2E2A72C0BCDD500739BBF /* GameEngine.app */ = {isa = PBXFileReference; explicitFileType = wrapper.application; includeInIndex = 0; path = GameEngine.app; sourceTree = BUILT_PRODUCTS_DIR; };
		6CE2E2B42C0BCDD600739BBF /* GameEngine.entitlements */ = {isa = PBXFileReference; lastKnownFileType = text.plist.entitlements; name = GameEngine.entitlements; path = ../osx/GameEngine.entitlements; sourceTree = "<group>"; };
		6CE2E2D62C0BCE0F00739BBF /* main.cpp */ = {isa = PBXFileReference; lastKnownFileType = sourcecode.cpp.cpp; path = main.cpp; sourceTree = "<group>"; };
		6CE2E2DE2C0BD12800739BBF /* Assets.xcassets */ = {isa = PBXFileReference; lastKnownFileType = folder.assetcatalog; name = Assets.xcassets; path = ../osx/Assets.xcassets; sourceTree = "<group>"; };
		6CE2E2EA2C0CAEA300739BBF /* SDL2.framework */ = {isa = PBXFileReference; lastKnownFileType = wrapper.framework; name = SDL2.framework; path = ../SDL2.framework; sourceTree = "<group>"; };
		6CE2E2EE2C0CAEA500739BBF /* SDL2_image.framework */ = {isa = PBXFileReference; lastKnownFileType = wrapper.framework; name = SDL2_image.framework; path = ../SDL2_image.framework; sourceTree = "<group>"; };
		6CE424082C0CCAB40080EEED /* engine.h */ = {isa = PBXFileReference; lastKnownFileType = sourcecode.c.h; path = engine.h; sourceTree = "<group>"; };
/* End PBXFileReference section */

/* Begin PBXFrameworksBuildPhase section */
		6CE2E2A42C0BCDD500739BBF /* Frameworks */ = {
			isa = PBXFrameworksBuildPhase;
			buildActionMask = 2147483647;
			files = (
				6CE2E2EB2C0CAEA300739BBF /* SDL2.framework in Frameworks */,
				6C7B24E02C0E809B007D7B2E /* libGLEW.dylib in Frameworks */,
				6CE2E2EF2C0CAEA500739BBF /* SDL2_image.framework in Frameworks */,
				6C7B24DE2C0E7FF0007D7B2E /* OpenGL.framework in Frameworks */,
			);
			runOnlyForDeploymentPostprocessing = 0;
		};
/* End PBXFrameworksBuildPhase section */

/* Begin PBXGroup section */
		6CE2E29E2C0BCDD500739BBF = {
			isa = PBXGroup;
			children = (
				6CE2E2A92C0BCDD500739BBF /* src */,
				6CE2E2A82C0BCDD500739BBF /* Products */,
				6CE2E2D92C0BCE5E00739BBF /* Frameworks */,
			);
			sourceTree = "<group>";
		};
		6CE2E2A82C0BCDD500739BBF /* Products */ = {
			isa = PBXGroup;
			children = (
				6CE2E2A72C0BCDD500739BBF /* GameEngine.app */,
			);
			name = Products;
			sourceTree = "<group>";
		};
		6CE2E2A92C0BCDD500739BBF /* src */ = {
			isa = PBXGroup;
			children = (
				6C7B24E22C0E8139007D7B2E /* shaders */,
				6CBDCEFD2C0DF2240078BDAB /* images */,
				6CE2E2DE2C0BD12800739BBF /* Assets.xcassets */,
				6CE2E2B42C0BCDD600739BBF /* GameEngine.entitlements */,
				6CBDCEFF2C0DF23E0078BDAB /* 8x8.png */,
				6CE2E2D62C0BCE0F00739BBF /* main.cpp */,
				6CE424082C0CCAB40080EEED /* engine.h */,
				6C7B24DC2C0E7FA6007D7B2E /* openGL.h */,
			);
			name = src;
			path = ../src;
			sourceTree = "<group>";
		};
		6CE2E2D92C0BCE5E00739BBF /* Frameworks */ = {
			isa = PBXGroup;
			children = (
				6C7B24DF2C0E809B007D7B2E /* libGLEW.dylib */,
				6C7B24DD2C0E7FF0007D7B2E /* OpenGL.framework */,
				6CE2E2EE2C0CAEA500739BBF /* SDL2_image.framework */,
				6CE2E2EA2C0CAEA300739BBF /* SDL2.framework */,
			);
			name = Frameworks;
			sourceTree = "<group>";
		};
/* End PBXGroup section */

/* Begin PBXNativeTarget section */
		6CE2E2A62C0BCDD500739BBF /* GameEngine */ = {
			isa = PBXNativeTarget;
			buildConfigurationList = 6CE2E2CD2C0BCDD600739BBF /* Build configuration list for PBXNativeTarget "GameEngine" */;
			buildPhases = (
				6CE2E2A32C0BCDD500739BBF /* Sources */,
				6CE2E2A42C0BCDD500739BBF /* Frameworks */,
				6CE2E2A52C0BCDD500739BBF /* Resources */,
				6CE2E2ED2C0CAEA300739BBF /* Embed Frameworks */,
			);
			buildRules = (
			);
			dependencies = (
			);
			name = GameEngine;
			productName = GameEngine;
			productReference = 6CE2E2A72C0BCDD500739BBF /* GameEngine.app */;
			productType = "com.apple.product-type.application";
		};
/* End PBXNativeTarget section */

/* Begin PBXProject section */
		6CE2E29F2C0BCDD500739BBF /* Project object */ = {
			isa = PBXProject;
			attributes = {
				BuildIndependentTargetsInParallel = 1;
				LastUpgradeCheck = 1500;
				TargetAttributes = {
					6CE2E2A62C0BCDD500739BBF = {
						CreatedOnToolsVersion = 15.0.1;
					};
				};
			};
			buildConfigurationList = 6CE2E2A22C0BCDD500739BBF /* Build configuration list for PBXProject "GameEngine" */;
			compatibilityVersion = "Xcode 14.0";
			developmentRegion = en;
			hasScannedForEncodings = 0;
			knownRegions = (
				en,
				Base,
			);
			mainGroup = 6CE2E29E2C0BCDD500739BBF;
			productRefGroup = 6CE2E2A82C0BCDD500739BBF /* Products */;
			projectDirPath = "";
			projectRoot = "";
			targets = (
				6CE2E2A62C0BCDD500739BBF /* GameEngine */,
			);
		};
/* End PBXProject section */

/* Begin PBXResourcesBuildPhase section */
		6CE2E2A52C0BCDD500739BBF /* Resources */ = {
			isa = PBXResourcesBuildPhase;
			buildActionMask = 2147483647;
			files = (
				6CBDCF002C0DF23E0078BDAB /* 8x8.png in Resources */,
				6C7B24E32C0E8139007D7B2E /* shaders in Resources */,
				6CBDCEFE2C0DF2240078BDAB /* images in Resources */,
				6CE2E2DF2C0BD12800739BBF /* Assets.xcassets in Resources */,
			);
			runOnlyForDeploymentPostprocessing = 0;
		};
/* End PBXResourcesBuildPhase section */

/* Begin PBXSourcesBuildPhase section */
		6CE2E2A32C0BCDD500739BBF /* Sources */ = {
			isa = PBXSourcesBuildPhase;
			buildActionMask = 2147483647;
			files = (
				6CE2E2D72C0BCE0F00739BBF /* main.cpp in Sources */,
			);
			runOnlyForDeploymentPostprocessing = 0;
		};
/* End PBXSourcesBuildPhase section */

/* Begin XCBuildConfiguration section */
		6CE2E2CB2C0BCDD600739BBF /* Debug */ = {
			isa = XCBuildConfiguration;
			buildSettings = {
				ALWAYS_SEARCH_USER_PATHS = NO;
				ASSETCATALOG_COMPILER_GENERATE_SWIFT_ASSET_SYMBOL_EXTENSIONS = YES;
				CLANG_ANALYZER_NONNULL = YES;
				CLANG_ANALYZER_NUMBER_OBJECT_CONVERSION = YES_AGGRESSIVE;
				CLANG_CXX_LANGUAGE_STANDARD = "gnu++20";
				CLANG_ENABLE_MODULES = YES;
				CLANG_ENABLE_OBJC_ARC = YES;
				CLANG_ENABLE_OBJC_WEAK = YES;
				CLANG_WARN_BLOCK_CAPTURE_AUTORELEASING = YES;
				CLANG_WARN_BOOL_CONVERSION = YES;
				CLANG_WARN_COMMA = YES;
				CLANG_WARN_CONSTANT_CONVERSION = YES;
				CLANG_WARN_DEPRECATED_OBJC_IMPLEMENTATIONS = YES;
				CLANG_WARN_DIRECT_OBJC_ISA_USAGE = YES_ERROR;
				CLANG_WARN_DOCUMENTATION_COMMENTS = YES;
				CLANG_WARN_EMPTY_BODY = YES;
				CLANG_WARN_ENUM_CONVERSION = YES;
				CLANG_WARN_INFINITE_RECURSION = YES;
				CLANG_WARN_INT_CONVERSION = YES;
				CLANG_WARN_NON_LITERAL_NULL_CONVERSION = YES;
				CLANG_WARN_OBJC_IMPLICIT_RETAIN_SELF = YES;
				CLANG_WARN_OBJC_LITERAL_CONVERSION = YES;
				CLANG_WARN_OBJC_ROOT_CLASS = YES_ERROR;
				CLANG_WARN_QUOTED_INCLUDE_IN_FRAMEWORK_HEADER = YES;
				CLANG_WARN_RANGE_LOOP_ANALYSIS = YES;
				CLANG_WARN_STRICT_PROTOTYPES = YES;
				CLANG_WARN_SUSPICIOUS_MOVE = YES;
				CLANG_WARN_UNGUARDED_AVAILABILITY = YES_AGGRESSIVE;
				CLANG_WARN_UNREACHABLE_CODE = YES;
				CLANG_WARN__DUPLICATE_METHOD_MATCH = YES;
				COPY_PHASE_STRIP = NO;
				DEBUG_INFORMATION_FORMAT = dwarf;
				ENABLE_STRICT_OBJC_MSGSEND = YES;
				ENABLE_TESTABILITY = YES;
				ENABLE_USER_SCRIPT_SANDBOXING = YES;
				GCC_C_LANGUAGE_STANDARD = gnu17;
				GCC_DYNAMIC_NO_PIC = NO;
				GCC_NO_COMMON_BLOCKS = YES;
				GCC_OPTIMIZATION_LEVEL = 0;
				GCC_PREPROCESSOR_DEFINITIONS = (
					"DEBUG=1",
					"$(inherited)",
				);
				GCC_WARN_64_TO_32_BIT_CONVERSION = YES;
				GCC_WARN_ABOUT_RETURN_TYPE = YES_ERROR;
				GCC_WARN_UNDECLARED_SELECTOR = YES;
				GCC_WARN_UNINITIALIZED_AUTOS = YES_AGGRESSIVE;
				GCC_WARN_UNUSED_FUNCTION = YES;
				GCC_WARN_UNUSED_VARIABLE = YES;
				LOCALIZATION_PREFERS_STRING_CATALOGS = YES;
				MACOSX_DEPLOYMENT_TARGET = 14.0;
				MTL_ENABLE_DEBUG_INFO = INCLUDE_SOURCE;
				MTL_FAST_MATH = YES;
				ONLY_ACTIVE_ARCH = YES;
				SDKROOT = macosx;
			};
			name = Debug;
		};
		6CE2E2CC2C0BCDD600739BBF /* Release */ = {
			isa = XCBuildConfiguration;
			buildSettings = {
				ALWAYS_SEARCH_USER_PATHS = NO;
				ASSETCATALOG_COMPILER_GENERATE_SWIFT_ASSET_SYMBOL_EXTENSIONS = YES;
				CLANG_ANALYZER_NONNULL = YES;
				CLANG_ANALYZER_NUMBER_OBJECT_CONVERSION = YES_AGGRESSIVE;
				CLANG_CXX_LANGUAGE_STANDARD = "gnu++20";
				CLANG_ENABLE_MODULES = YES;
				CLANG_ENABLE_OBJC_ARC = YES;
				CLANG_ENABLE_OBJC_WEAK = YES;
				CLANG_WARN_BLOCK_CAPTURE_AUTORELEASING = YES;
				CLANG_WARN_BOOL_CONVERSION = YES;
				CLANG_WARN_COMMA = YES;
				CLANG_WARN_CONSTANT_CONVERSION = YES;
				CLANG_WARN_DEPRECATED_OBJC_IMPLEMENTATIONS = YES;
				CLANG_WARN_DIRECT_OBJC_ISA_USAGE = YES_ERROR;
				CLANG_WARN_DOCUMENTATION_COMMENTS = YES;
				CLANG_WARN_EMPTY_BODY = YES;
				CLANG_WARN_ENUM_CONVERSION = YES;
				CLANG_WARN_INFINITE_RECURSION = YES;
				CLANG_WARN_INT_CONVERSION = YES;
				CLANG_WARN_NON_LITERAL_NULL_CONVERSION = YES;
				CLANG_WARN_OBJC_IMPLICIT_RETAIN_SELF = YES;
				CLANG_WARN_OBJC_LITERAL_CONVERSION = YES;
				CLANG_WARN_OBJC_ROOT_CLASS = YES_ERROR;
				CLANG_WARN_QUOTED_INCLUDE_IN_FRAMEWORK_HEADER = YES;
				CLANG_WARN_RANGE_LOOP_ANALYSIS = YES;
				CLANG_WARN_STRICT_PROTOTYPES = YES;
				CLANG_WARN_SUSPICIOUS_MOVE = YES;
				CLANG_WARN_UNGUARDED_AVAILABILITY = YES_AGGRESSIVE;
				CLANG_WARN_UNREACHABLE_CODE = YES;
				CLANG_WARN__DUPLICATE_METHOD_MATCH = YES;
				COPY_PHASE_STRIP = NO;
				DEBUG_INFORMATION_FORMAT = "dwarf-with-dsym";
				ENABLE_NS_ASSERTIONS = NO;
				ENABLE_STRICT_OBJC_MSGSEND = YES;
				ENABLE_USER_SCRIPT_SANDBOXING = YES;
				GCC_C_LANGUAGE_STANDARD = gnu17;
				GCC_NO_COMMON_BLOCKS = YES;
				GCC_WARN_64_TO_32_BIT_CONVERSION = YES;
				GCC_WARN_ABOUT_RETURN_TYPE = YES_ERROR;
				GCC_WARN_UNDECLARED_SELECTOR = YES;
				GCC_WARN_UNINITIALIZED_AUTOS = YES_AGGRESSIVE;
				GCC_WARN_UNUSED_FUNCTION = YES;
				GCC_WARN_UNUSED_VARIABLE = YES;
				LOCALIZATION_PREFERS_STRING_CATALOGS = YES;
				MACOSX_DEPLOYMENT_TARGET = 14.0;
				MTL_ENABLE_DEBUG_INFO = NO;
				MTL_FAST_MATH = YES;
				SDKROOT = macosx;
			};
			name = Release;
		};
		6CE2E2CE2C0BCDD600739BBF /* Debug */ = {
			isa = XCBuildConfiguration;
			buildSettings = {
				ASSETCATALOG_COMPILER_APPICON_NAME = AppIcon;
				ASSETCATALOG_COMPILER_GLOBAL_ACCENT_COLOR_NAME = AccentColor;
				CODE_SIGN_ENTITLEMENTS = GameEngine.entitlements;
				CODE_SIGN_STYLE = Automatic;
				COMBINE_HIDPI_IMAGES = YES;
				CURRENT_PROJECT_VERSION = 1;
				FRAMEWORK_SEARCH_PATHS = (
					"$(inherited)",
					"$(PROJECT_DIR)/..",
				);
				GENERATE_INFOPLIST_FILE = YES;
				HEADER_SEARCH_PATHS = /usr/local/include;
				INFOPLIST_KEY_NSHumanReadableCopyright = "";
				INFOPLIST_KEY_NSMainNibFile = MainMenu;
				INFOPLIST_KEY_NSPrincipalClass = NSApplication;
				LD_RUNPATH_SEARCH_PATHS = (
					"$(inherited)",
					"@executable_path/../Frameworks",
				);
				LIBRARY_SEARCH_PATHS = /usr/local/lib;
				MARKETING_VERSION = 1.0;
				PRODUCT_BUNDLE_IDENTIFIER = com.mayakraft.gameEngine;
				PRODUCT_NAME = "$(TARGET_NAME)";
				SWIFT_EMIT_LOC_STRINGS = YES;
			};
			name = Debug;
		};
		6CE2E2CF2C0BCDD600739BBF /* Release */ = {
			isa = XCBuildConfiguration;
			buildSettings = {
				ASSETCATALOG_COMPILER_APPICON_NAME = AppIcon;
				ASSETCATALOG_COMPILER_GLOBAL_ACCENT_COLOR_NAME = AccentColor;
				CODE_SIGN_ENTITLEMENTS = GameEngine.entitlements;
				CODE_SIGN_STYLE = Automatic;
				COMBINE_HIDPI_IMAGES = YES;
				CURRENT_PROJECT_VERSION = 1;
				FRAMEWORK_SEARCH_PATHS = (
					"$(inherited)",
					"$(PROJECT_DIR)/..",
				);
				GENERATE_INFOPLIST_FILE = YES;
				HEADER_SEARCH_PATHS = /usr/local/include;
				INFOPLIST_KEY_NSHumanReadableCopyright = "";
				INFOPLIST_KEY_NSMainNibFile = MainMenu;
				INFOPLIST_KEY_NSPrincipalClass = NSApplication;
				LD_RUNPATH_SEARCH_PATHS = (
					"$(inherited)",
					"@executable_path/../Frameworks",
				);
				LIBRARY_SEARCH_PATHS = /usr/local/lib;
				MARKETING_VERSION = 1.0;
				PRODUCT_BUNDLE_IDENTIFIER = com.mayakraft.gameEngine;
				PRODUCT_NAME = "$(TARGET_NAME)";
				SWIFT_EMIT_LOC_STRINGS = YES;
			};
			name = Release;
		};
/* End XCBuildConfiguration section */

/* Begin XCConfigurationList section */
		6CE2E2A22C0BCDD500739BBF /* Build configuration list for PBXProject "GameEngine" */ = {
			isa = XCConfigurationList;
			buildConfigurations = (
				6CE2E2CB2C0BCDD600739BBF /* Debug */,
				6CE2E2CC2C0BCDD600739BBF /* Release */,
			);
			defaultConfigurationIsVisible = 0;
			defaultConfigurationName = Release;
		};
		6CE2E2CD2C0BCDD600739BBF /* Build configuration list for PBXNativeTarget "GameEngine" */ = {
			isa = XCConfigurationList;
			buildConfigurations = (
				6CE2E2CE2C0BCDD600739BBF /* Debug */,
				6CE2E2CF2C0BCDD600739BBF /* Release */,
			);
			defaultConfigurationIsVisible = 0;
			defaultConfigurationName = Release;
		};
/* End XCConfigurationList section */
	};
	rootObject = 6CE2E29F2C0BCDD500739BBF /* Project object */;
}
