// !$*UTF8*$!
{
	archiveVersion = 1;
	classes = {
	};
	objectVersion = 56;
	objects = {

/* Begin PBXBuildFile section */
		6CE2E2D72C0BCE0F00739BBF /* main.cpp in Sources */ = {isa = PBXBuildFile; fileRef = 6CE2E2D62C0BCE0F00739BBF /* main.cpp */; };
		6CE2E2DB2C0BCE5E00739BBF /* SDL2.framework in Frameworks */ = {isa = PBXBuildFile; fileRef = 6CE2E2DA2C0BCE5E00739BBF /* SDL2.framework */; };
		6CE2E2DC2C0BCE5E00739BBF /* SDL2.framework in Embed Frameworks */ = {isa = PBXBuildFile; fileRef = 6CE2E2DA2C0BCE5E00739BBF /* SDL2.framework */; settings = {ATTRIBUTES = (CodeSignOnCopy, RemoveHeadersOnCopy, ); }; };
		6CE2E2DF2C0BD12800739BBF /* Assets.xcassets in Resources */ = {isa = PBXBuildFile; fileRef = 6CE2E2DE2C0BD12800739BBF /* Assets.xcassets */; };
		6CE2E2E12C0BE39C00739BBF /* SDL2_image.framework in Frameworks */ = {isa = PBXBuildFile; fileRef = 6CE2E2E02C0BE39C00739BBF /* SDL2_image.framework */; };
		6CE2E2E22C0BE39C00739BBF /* SDL2_image.framework in Embed Frameworks */ = {isa = PBXBuildFile; fileRef = 6CE2E2E02C0BE39C00739BBF /* SDL2_image.framework */; settings = {ATTRIBUTES = (CodeSignOnCopy, RemoveHeadersOnCopy, ); }; };
		6CE2E2E72C0BEBD100739BBF /* diamond.png in Resources */ = {isa = PBXBuildFile; fileRef = 6CE2E2E42C0BEBD100739BBF /* diamond.png */; };
		6CE2E2E82C0BEBD100739BBF /* copper.png in Resources */ = {isa = PBXBuildFile; fileRef = 6CE2E2E52C0BEBD100739BBF /* copper.png */; };
		6CE2E2E92C0BEBD100739BBF /* book.png in Resources */ = {isa = PBXBuildFile; fileRef = 6CE2E2E62C0BEBD100739BBF /* book.png */; };
/* End PBXBuildFile section */

/* Begin PBXContainerItemProxy section */
		6CE2E2BA2C0BCDD600739BBF /* PBXContainerItemProxy */ = {
			isa = PBXContainerItemProxy;
			containerPortal = 6CE2E29F2C0BCDD500739BBF /* Project object */;
			proxyType = 1;
			remoteGlobalIDString = 6CE2E2A62C0BCDD500739BBF;
			remoteInfo = Imagine;
		};
		6CE2E2C42C0BCDD600739BBF /* PBXContainerItemProxy */ = {
			isa = PBXContainerItemProxy;
			containerPortal = 6CE2E29F2C0BCDD500739BBF /* Project object */;
			proxyType = 1;
			remoteGlobalIDString = 6CE2E2A62C0BCDD500739BBF;
			remoteInfo = Imagine;
		};
/* End PBXContainerItemProxy section */

/* Begin PBXCopyFilesBuildPhase section */
		6CE2E2DD2C0BCE5E00739BBF /* Embed Frameworks */ = {
			isa = PBXCopyFilesBuildPhase;
			buildActionMask = 2147483647;
			dstPath = "";
			dstSubfolderSpec = 10;
			files = (
				6CE2E2DC2C0BCE5E00739BBF /* SDL2.framework in Embed Frameworks */,
				6CE2E2E22C0BE39C00739BBF /* SDL2_image.framework in Embed Frameworks */,
			);
			name = "Embed Frameworks";
			runOnlyForDeploymentPostprocessing = 0;
		};
/* End PBXCopyFilesBuildPhase section */

/* Begin PBXFileReference section */
		6CE2E2A72C0BCDD500739BBF /* Imagine.app */ = {isa = PBXFileReference; explicitFileType = wrapper.application; includeInIndex = 0; path = Imagine.app; sourceTree = BUILT_PRODUCTS_DIR; };
		6CE2E2B42C0BCDD600739BBF /* Imagine.entitlements */ = {isa = PBXFileReference; lastKnownFileType = text.plist.entitlements; path = Imagine.entitlements; sourceTree = "<group>"; };
		6CE2E2B92C0BCDD600739BBF /* ImagineTests.xctest */ = {isa = PBXFileReference; explicitFileType = wrapper.cfbundle; includeInIndex = 0; path = ImagineTests.xctest; sourceTree = BUILT_PRODUCTS_DIR; };
		6CE2E2C32C0BCDD600739BBF /* ImagineUITests.xctest */ = {isa = PBXFileReference; explicitFileType = wrapper.cfbundle; includeInIndex = 0; path = ImagineUITests.xctest; sourceTree = BUILT_PRODUCTS_DIR; };
		6CE2E2D62C0BCE0F00739BBF /* main.cpp */ = {isa = PBXFileReference; lastKnownFileType = sourcecode.cpp.cpp; path = main.cpp; sourceTree = "<group>"; };
		6CE2E2D82C0BCE4C00739BBF /* Imagine.h */ = {isa = PBXFileReference; lastKnownFileType = sourcecode.c.h; path = Imagine.h; sourceTree = "<group>"; };
		6CE2E2DA2C0BCE5E00739BBF /* SDL2.framework */ = {isa = PBXFileReference; lastKnownFileType = wrapper.framework; path = SDL2.framework; sourceTree = "<group>"; };
		6CE2E2DE2C0BD12800739BBF /* Assets.xcassets */ = {isa = PBXFileReference; lastKnownFileType = folder.assetcatalog; path = Assets.xcassets; sourceTree = "<group>"; };
		6CE2E2E02C0BE39C00739BBF /* SDL2_image.framework */ = {isa = PBXFileReference; lastKnownFileType = wrapper.framework; path = SDL2_image.framework; sourceTree = "<group>"; };
		6CE2E2E42C0BEBD100739BBF /* diamond.png */ = {isa = PBXFileReference; lastKnownFileType = image.png; path = diamond.png; sourceTree = "<group>"; };
		6CE2E2E52C0BEBD100739BBF /* copper.png */ = {isa = PBXFileReference; lastKnownFileType = image.png; path = copper.png; sourceTree = "<group>"; };
		6CE2E2E62C0BEBD100739BBF /* book.png */ = {isa = PBXFileReference; lastKnownFileType = image.png; path = book.png; sourceTree = "<group>"; };
/* End PBXFileReference section */

/* Begin PBXFrameworksBuildPhase section */
		6CE2E2A42C0BCDD500739BBF /* Frameworks */ = {
			isa = PBXFrameworksBuildPhase;
			buildActionMask = 2147483647;
			files = (
				6CE2E2DB2C0BCE5E00739BBF /* SDL2.framework in Frameworks */,
				6CE2E2E12C0BE39C00739BBF /* SDL2_image.framework in Frameworks */,
			);
			runOnlyForDeploymentPostprocessing = 0;
		};
		6CE2E2B62C0BCDD600739BBF /* Frameworks */ = {
			isa = PBXFrameworksBuildPhase;
			buildActionMask = 2147483647;
			files = (
			);
			runOnlyForDeploymentPostprocessing = 0;
		};
		6CE2E2C02C0BCDD600739BBF /* Frameworks */ = {
			isa = PBXFrameworksBuildPhase;
			buildActionMask = 2147483647;
			files = (
			);
			runOnlyForDeploymentPostprocessing = 0;
		};
/* End PBXFrameworksBuildPhase section */

/* Begin PBXGroup section */
		6CE2E29E2C0BCDD500739BBF = {
			isa = PBXGroup;
			children = (
				6CE2E2A92C0BCDD500739BBF /* Imagine */,
				6CE2E2A82C0BCDD500739BBF /* Products */,
				6CE2E2D92C0BCE5E00739BBF /* Frameworks */,
			);
			sourceTree = "<group>";
		};
		6CE2E2A82C0BCDD500739BBF /* Products */ = {
			isa = PBXGroup;
			children = (
				6CE2E2A72C0BCDD500739BBF /* Imagine.app */,
				6CE2E2B92C0BCDD600739BBF /* ImagineTests.xctest */,
				6CE2E2C32C0BCDD600739BBF /* ImagineUITests.xctest */,
			);
			name = Products;
			sourceTree = "<group>";
		};
		6CE2E2A92C0BCDD500739BBF /* Imagine */ = {
			isa = PBXGroup;
			children = (
				6CE2E2E32C0BEBA000739BBF /* images */,
				6CE2E2DE2C0BD12800739BBF /* Assets.xcassets */,
				6CE2E2B42C0BCDD600739BBF /* Imagine.entitlements */,
				6CE2E2D62C0BCE0F00739BBF /* main.cpp */,
				6CE2E2D82C0BCE4C00739BBF /* Imagine.h */,
			);
			path = Imagine;
			sourceTree = "<group>";
		};
		6CE2E2D92C0BCE5E00739BBF /* Frameworks */ = {
			isa = PBXGroup;
			children = (
				6CE2E2E02C0BE39C00739BBF /* SDL2_image.framework */,
				6CE2E2DA2C0BCE5E00739BBF /* SDL2.framework */,
			);
			name = Frameworks;
			sourceTree = "<group>";
		};
		6CE2E2E32C0BEBA000739BBF /* images */ = {
			isa = PBXGroup;
			children = (
				6CE2E2E62C0BEBD100739BBF /* book.png */,
				6CE2E2E52C0BEBD100739BBF /* copper.png */,
				6CE2E2E42C0BEBD100739BBF /* diamond.png */,
			);
			path = images;
			sourceTree = "<group>";
		};
/* End PBXGroup section */

/* Begin PBXNativeTarget section */
		6CE2E2A62C0BCDD500739BBF /* Imagine */ = {
			isa = PBXNativeTarget;
			buildConfigurationList = 6CE2E2CD2C0BCDD600739BBF /* Build configuration list for PBXNativeTarget "Imagine" */;
			buildPhases = (
				6CE2E2A32C0BCDD500739BBF /* Sources */,
				6CE2E2A42C0BCDD500739BBF /* Frameworks */,
				6CE2E2A52C0BCDD500739BBF /* Resources */,
				6CE2E2DD2C0BCE5E00739BBF /* Embed Frameworks */,
			);
			buildRules = (
			);
			dependencies = (
			);
			name = Imagine;
			productName = Imagine;
			productReference = 6CE2E2A72C0BCDD500739BBF /* Imagine.app */;
			productType = "com.apple.product-type.application";
		};
		6CE2E2B82C0BCDD600739BBF /* ImagineTests */ = {
			isa = PBXNativeTarget;
			buildConfigurationList = 6CE2E2D02C0BCDD600739BBF /* Build configuration list for PBXNativeTarget "ImagineTests" */;
			buildPhases = (
				6CE2E2B52C0BCDD600739BBF /* Sources */,
				6CE2E2B62C0BCDD600739BBF /* Frameworks */,
				6CE2E2B72C0BCDD600739BBF /* Resources */,
			);
			buildRules = (
			);
			dependencies = (
				6CE2E2BB2C0BCDD600739BBF /* PBXTargetDependency */,
			);
			name = ImagineTests;
			productName = ImagineTests;
			productReference = 6CE2E2B92C0BCDD600739BBF /* ImagineTests.xctest */;
			productType = "com.apple.product-type.bundle.unit-test";
		};
		6CE2E2C22C0BCDD600739BBF /* ImagineUITests */ = {
			isa = PBXNativeTarget;
			buildConfigurationList = 6CE2E2D32C0BCDD600739BBF /* Build configuration list for PBXNativeTarget "ImagineUITests" */;
			buildPhases = (
				6CE2E2BF2C0BCDD600739BBF /* Sources */,
				6CE2E2C02C0BCDD600739BBF /* Frameworks */,
				6CE2E2C12C0BCDD600739BBF /* Resources */,
			);
			buildRules = (
			);
			dependencies = (
				6CE2E2C52C0BCDD600739BBF /* PBXTargetDependency */,
			);
			name = ImagineUITests;
			productName = ImagineUITests;
			productReference = 6CE2E2C32C0BCDD600739BBF /* ImagineUITests.xctest */;
			productType = "com.apple.product-type.bundle.ui-testing";
		};
/* End PBXNativeTarget section */

/* Begin PBXProject section */
		6CE2E29F2C0BCDD500739BBF /* Project object */ = {
			isa = PBXProject;
			attributes = {
				BuildIndependentTargetsInParallel = 1;
				LastUpgradeCheck = 1500;
				TargetAttributes = {
					6CE2E2A62C0BCDD500739BBF = {
						CreatedOnToolsVersion = 15.0.1;
					};
					6CE2E2B82C0BCDD600739BBF = {
						CreatedOnToolsVersion = 15.0.1;
						TestTargetID = 6CE2E2A62C0BCDD500739BBF;
					};
					6CE2E2C22C0BCDD600739BBF = {
						CreatedOnToolsVersion = 15.0.1;
						TestTargetID = 6CE2E2A62C0BCDD500739BBF;
					};
				};
			};
			buildConfigurationList = 6CE2E2A22C0BCDD500739BBF /* Build configuration list for PBXProject "Imagine" */;
			compatibilityVersion = "Xcode 14.0";
			developmentRegion = en;
			hasScannedForEncodings = 0;
			knownRegions = (
				en,
				Base,
			);
			mainGroup = 6CE2E29E2C0BCDD500739BBF;
			productRefGroup = 6CE2E2A82C0BCDD500739BBF /* Products */;
			projectDirPath = "";
			projectRoot = "";
			targets = (
				6CE2E2A62C0BCDD500739BBF /* Imagine */,
				6CE2E2B82C0BCDD600739BBF /* ImagineTests */,
				6CE2E2C22C0BCDD600739BBF /* ImagineUITests */,
			);
		};
/* End PBXProject section */

/* Begin PBXResourcesBuildPhase section */
		6CE2E2A52C0BCDD500739BBF /* Resources */ = {
			isa = PBXResourcesBuildPhase;
			buildActionMask = 2147483647;
			files = (
				6CE2E2E72C0BEBD100739BBF /* diamond.png in Resources */,
				6CE2E2DF2C0BD12800739BBF /* Assets.xcassets in Resources */,
				6CE2E2E92C0BEBD100739BBF /* book.png in Resources */,
				6CE2E2E82C0BEBD100739BBF /* copper.png in Resources */,
			);
			runOnlyForDeploymentPostprocessing = 0;
		};
		6CE2E2B72C0BCDD600739BBF /* Resources */ = {
			isa = PBXResourcesBuildPhase;
			buildActionMask = 2147483647;
			files = (
			);
			runOnlyForDeploymentPostprocessing = 0;
		};
		6CE2E2C12C0BCDD600739BBF /* Resources */ = {
			isa = PBXResourcesBuildPhase;
			buildActionMask = 2147483647;
			files = (
			);
			runOnlyForDeploymentPostprocessing = 0;
		};
/* End PBXResourcesBuildPhase section */

/* Begin PBXSourcesBuildPhase section */
		6CE2E2A32C0BCDD500739BBF /* Sources */ = {
			isa = PBXSourcesBuildPhase;
			buildActionMask = 2147483647;
			files = (
				6CE2E2D72C0BCE0F00739BBF /* main.cpp in Sources */,
			);
			runOnlyForDeploymentPostprocessing = 0;
		};
		6CE2E2B52C0BCDD600739BBF /* Sources */ = {
			isa = PBXSourcesBuildPhase;
			buildActionMask = 2147483647;
			files = (
			);
			runOnlyForDeploymentPostprocessing = 0;
		};
		6CE2E2BF2C0BCDD600739BBF /* Sources */ = {
			isa = PBXSourcesBuildPhase;
			buildActionMask = 2147483647;
			files = (
			);
			runOnlyForDeploymentPostprocessing = 0;
		};
/* End PBXSourcesBuildPhase section */

/* Begin PBXTargetDependency section */
		6CE2E2BB2C0BCDD600739BBF /* PBXTargetDependency */ = {
			isa = PBXTargetDependency;
			target = 6CE2E2A62C0BCDD500739BBF /* Imagine */;
			targetProxy = 6CE2E2BA2C0BCDD600739BBF /* PBXContainerItemProxy */;
		};
		6CE2E2C52C0BCDD600739BBF /* PBXTargetDependency */ = {
			isa = PBXTargetDependency;
			target = 6CE2E2A62C0BCDD500739BBF /* Imagine */;
			targetProxy = 6CE2E2C42C0BCDD600739BBF /* PBXContainerItemProxy */;
		};
/* End PBXTargetDependency section */

/* Begin XCBuildConfiguration section */
		6CE2E2CB2C0BCDD600739BBF /* Debug */ = {
			isa = XCBuildConfiguration;
			buildSettings = {
				ALWAYS_SEARCH_USER_PATHS = NO;
				ASSETCATALOG_COMPILER_GENERATE_SWIFT_ASSET_SYMBOL_EXTENSIONS = YES;
				CLANG_ANALYZER_NONNULL = YES;
				CLANG_ANALYZER_NUMBER_OBJECT_CONVERSION = YES_AGGRESSIVE;
				CLANG_CXX_LANGUAGE_STANDARD = "gnu++20";
				CLANG_ENABLE_MODULES = YES;
				CLANG_ENABLE_OBJC_ARC = YES;
				CLANG_ENABLE_OBJC_WEAK = YES;
				CLANG_WARN_BLOCK_CAPTURE_AUTORELEASING = YES;
				CLANG_WARN_BOOL_CONVERSION = YES;
				CLANG_WARN_COMMA = YES;
				CLANG_WARN_CONSTANT_CONVERSION = YES;
				CLANG_WARN_DEPRECATED_OBJC_IMPLEMENTATIONS = YES;
				CLANG_WARN_DIRECT_OBJC_ISA_USAGE = YES_ERROR;
				CLANG_WARN_DOCUMENTATION_COMMENTS = YES;
				CLANG_WARN_EMPTY_BODY = YES;
				CLANG_WARN_ENUM_CONVERSION = YES;
				CLANG_WARN_INFINITE_RECURSION = YES;
				CLANG_WARN_INT_CONVERSION = YES;
				CLANG_WARN_NON_LITERAL_NULL_CONVERSION = YES;
				CLANG_WARN_OBJC_IMPLICIT_RETAIN_SELF = YES;
				CLANG_WARN_OBJC_LITERAL_CONVERSION = YES;
				CLANG_WARN_OBJC_ROOT_CLASS = YES_ERROR;
				CLANG_WARN_QUOTED_INCLUDE_IN_FRAMEWORK_HEADER = YES;
				CLANG_WARN_RANGE_LOOP_ANALYSIS = YES;
				CLANG_WARN_STRICT_PROTOTYPES = YES;
				CLANG_WARN_SUSPICIOUS_MOVE = YES;
				CLANG_WARN_UNGUARDED_AVAILABILITY = YES_AGGRESSIVE;
				CLANG_WARN_UNREACHABLE_CODE = YES;
				CLANG_WARN__DUPLICATE_METHOD_MATCH = YES;
				COPY_PHASE_STRIP = NO;
				DEBUG_INFORMATION_FORMAT = dwarf;
				ENABLE_STRICT_OBJC_MSGSEND = YES;
				ENABLE_TESTABILITY = YES;
				ENABLE_USER_SCRIPT_SANDBOXING = YES;
				GCC_C_LANGUAGE_STANDARD = gnu17;
				GCC_DYNAMIC_NO_PIC = NO;
				GCC_NO_COMMON_BLOCKS = YES;
				GCC_OPTIMIZATION_LEVEL = 0;
				GCC_PREPROCESSOR_DEFINITIONS = (
					"DEBUG=1",
					"$(inherited)",
				);
				GCC_WARN_64_TO_32_BIT_CONVERSION = YES;
				GCC_WARN_ABOUT_RETURN_TYPE = YES_ERROR;
				GCC_WARN_UNDECLARED_SELECTOR = YES;
				GCC_WARN_UNINITIALIZED_AUTOS = YES_AGGRESSIVE;
				GCC_WARN_UNUSED_FUNCTION = YES;
				GCC_WARN_UNUSED_VARIABLE = YES;
				LOCALIZATION_PREFERS_STRING_CATALOGS = YES;
				MACOSX_DEPLOYMENT_TARGET = 14.0;
				MTL_ENABLE_DEBUG_INFO = INCLUDE_SOURCE;
				MTL_FAST_MATH = YES;
				ONLY_ACTIVE_ARCH = YES;
				SDKROOT = macosx;
			};
			name = Debug;
		};
		6CE2E2CC2C0BCDD600739BBF /* Release */ = {
			isa = XCBuildConfiguration;
			buildSettings = {
				ALWAYS_SEARCH_USER_PATHS = NO;
				ASSETCATALOG_COMPILER_GENERATE_SWIFT_ASSET_SYMBOL_EXTENSIONS = YES;
				CLANG_ANALYZER_NONNULL = YES;
				CLANG_ANALYZER_NUMBER_OBJECT_CONVERSION = YES_AGGRESSIVE;
				CLANG_CXX_LANGUAGE_STANDARD = "gnu++20";
				CLANG_ENABLE_MODULES = YES;
				CLANG_ENABLE_OBJC_ARC = YES;
				CLANG_ENABLE_OBJC_WEAK = YES;
				CLANG_WARN_BLOCK_CAPTURE_AUTORELEASING = YES;
				CLANG_WARN_BOOL_CONVERSION = YES;
				CLANG_WARN_COMMA = YES;
				CLANG_WARN_CONSTANT_CONVERSION = YES;
				CLANG_WARN_DEPRECATED_OBJC_IMPLEMENTATIONS = YES;
				CLANG_WARN_DIRECT_OBJC_ISA_USAGE = YES_ERROR;
				CLANG_WARN_DOCUMENTATION_COMMENTS = YES;
				CLANG_WARN_EMPTY_BODY = YES;
				CLANG_WARN_ENUM_CONVERSION = YES;
				CLANG_WARN_INFINITE_RECURSION = YES;
				CLANG_WARN_INT_CONVERSION = YES;
				CLANG_WARN_NON_LITERAL_NULL_CONVERSION = YES;
				CLANG_WARN_OBJC_IMPLICIT_RETAIN_SELF = YES;
				CLANG_WARN_OBJC_LITERAL_CONVERSION = YES;
				CLANG_WARN_OBJC_ROOT_CLASS = YES_ERROR;
				CLANG_WARN_QUOTED_INCLUDE_IN_FRAMEWORK_HEADER = YES;
				CLANG_WARN_RANGE_LOOP_ANALYSIS = YES;
				CLANG_WARN_STRICT_PROTOTYPES = YES;
				CLANG_WARN_SUSPICIOUS_MOVE = YES;
				CLANG_WARN_UNGUARDED_AVAILABILITY = YES_AGGRESSIVE;
				CLANG_WARN_UNREACHABLE_CODE = YES;
				CLANG_WARN__DUPLICATE_METHOD_MATCH = YES;
				COPY_PHASE_STRIP = NO;
				DEBUG_INFORMATION_FORMAT = "dwarf-with-dsym";
				ENABLE_NS_ASSERTIONS = NO;
				ENABLE_STRICT_OBJC_MSGSEND = YES;
				ENABLE_USER_SCRIPT_SANDBOXING = YES;
				GCC_C_LANGUAGE_STANDARD = gnu17;
				GCC_NO_COMMON_BLOCKS = YES;
				GCC_WARN_64_TO_32_BIT_CONVERSION = YES;
				GCC_WARN_ABOUT_RETURN_TYPE = YES_ERROR;
				GCC_WARN_UNDECLARED_SELECTOR = YES;
				GCC_WARN_UNINITIALIZED_AUTOS = YES_AGGRESSIVE;
				GCC_WARN_UNUSED_FUNCTION = YES;
				GCC_WARN_UNUSED_VARIABLE = YES;
				LOCALIZATION_PREFERS_STRING_CATALOGS = YES;
				MACOSX_DEPLOYMENT_TARGET = 14.0;
				MTL_ENABLE_DEBUG_INFO = NO;
				MTL_FAST_MATH = YES;
				SDKROOT = macosx;
			};
			name = Release;
		};
		6CE2E2CE2C0BCDD600739BBF /* Debug */ = {
			isa = XCBuildConfiguration;
			buildSettings = {
				ASSETCATALOG_COMPILER_APPICON_NAME = AppIcon;
				ASSETCATALOG_COMPILER_GLOBAL_ACCENT_COLOR_NAME = AccentColor;
				CODE_SIGN_ENTITLEMENTS = Imagine/Imagine.entitlements;
				CODE_SIGN_STYLE = Automatic;
				COMBINE_HIDPI_IMAGES = YES;
				CURRENT_PROJECT_VERSION = 1;
				FRAMEWORK_SEARCH_PATHS = (
					"$(inherited)",
					"$(PROJECT_DIR)",
				);
				GENERATE_INFOPLIST_FILE = YES;
				INFOPLIST_KEY_NSHumanReadableCopyright = "";
				INFOPLIST_KEY_NSMainNibFile = MainMenu;
				INFOPLIST_KEY_NSPrincipalClass = NSApplication;
				LD_RUNPATH_SEARCH_PATHS = (
					"$(inherited)",
					"@executable_path/../Frameworks",
				);
				MARKETING_VERSION = 1.0;
				PRODUCT_BUNDLE_IDENTIFIER = com.mayakraft.Imagine;
				PRODUCT_NAME = "$(TARGET_NAME)";
				SWIFT_EMIT_LOC_STRINGS = YES;
			};
			name = Debug;
		};
		6CE2E2CF2C0BCDD600739BBF /* Release */ = {
			isa = XCBuildConfiguration;
			buildSettings = {
				ASSETCATALOG_COMPILER_APPICON_NAME = AppIcon;
				ASSETCATALOG_COMPILER_GLOBAL_ACCENT_COLOR_NAME = AccentColor;
				CODE_SIGN_ENTITLEMENTS = Imagine/Imagine.entitlements;
				CODE_SIGN_STYLE = Automatic;
				COMBINE_HIDPI_IMAGES = YES;
				CURRENT_PROJECT_VERSION = 1;
				FRAMEWORK_SEARCH_PATHS = (
					"$(inherited)",
					"$(PROJECT_DIR)",
				);
				GENERATE_INFOPLIST_FILE = YES;
				INFOPLIST_KEY_NSHumanReadableCopyright = "";
				INFOPLIST_KEY_NSMainNibFile = MainMenu;
				INFOPLIST_KEY_NSPrincipalClass = NSApplication;
				LD_RUNPATH_SEARCH_PATHS = (
					"$(inherited)",
					"@executable_path/../Frameworks",
				);
				MARKETING_VERSION = 1.0;
				PRODUCT_BUNDLE_IDENTIFIER = com.mayakraft.Imagine;
				PRODUCT_NAME = "$(TARGET_NAME)";
				SWIFT_EMIT_LOC_STRINGS = YES;
			};
			name = Release;
		};
		6CE2E2D12C0BCDD600739BBF /* Debug */ = {
			isa = XCBuildConfiguration;
			buildSettings = {
				BUNDLE_LOADER = "$(TEST_HOST)";
				CODE_SIGN_STYLE = Automatic;
				CURRENT_PROJECT_VERSION = 1;
				GENERATE_INFOPLIST_FILE = YES;
				MACOSX_DEPLOYMENT_TARGET = 14.0;
				MARKETING_VERSION = 1.0;
				PRODUCT_BUNDLE_IDENTIFIER = com.mayakraft.ImagineTests;
				PRODUCT_NAME = "$(TARGET_NAME)";
				SWIFT_EMIT_LOC_STRINGS = NO;
				TEST_HOST = "$(BUILT_PRODUCTS_DIR)/Imagine.app/$(BUNDLE_EXECUTABLE_FOLDER_PATH)/Imagine";
			};
			name = Debug;
		};
		6CE2E2D22C0BCDD600739BBF /* Release */ = {
			isa = XCBuildConfiguration;
			buildSettings = {
				BUNDLE_LOADER = "$(TEST_HOST)";
				CODE_SIGN_STYLE = Automatic;
				CURRENT_PROJECT_VERSION = 1;
				GENERATE_INFOPLIST_FILE = YES;
				MACOSX_DEPLOYMENT_TARGET = 14.0;
				MARKETING_VERSION = 1.0;
				PRODUCT_BUNDLE_IDENTIFIER = com.mayakraft.ImagineTests;
				PRODUCT_NAME = "$(TARGET_NAME)";
				SWIFT_EMIT_LOC_STRINGS = NO;
				TEST_HOST = "$(BUILT_PRODUCTS_DIR)/Imagine.app/$(BUNDLE_EXECUTABLE_FOLDER_PATH)/Imagine";
			};
			name = Release;
		};
		6CE2E2D42C0BCDD600739BBF /* Debug */ = {
			isa = XCBuildConfiguration;
			buildSettings = {
				CODE_SIGN_STYLE = Automatic;
				CURRENT_PROJECT_VERSION = 1;
				GENERATE_INFOPLIST_FILE = YES;
				MARKETING_VERSION = 1.0;
				PRODUCT_BUNDLE_IDENTIFIER = com.mayakraft.ImagineUITests;
				PRODUCT_NAME = "$(TARGET_NAME)";
				SWIFT_EMIT_LOC_STRINGS = NO;
				TEST_TARGET_NAME = Imagine;
			};
			name = Debug;
		};
		6CE2E2D52C0BCDD600739BBF /* Release */ = {
			isa = XCBuildConfiguration;
			buildSettings = {
				CODE_SIGN_STYLE = Automatic;
				CURRENT_PROJECT_VERSION = 1;
				GENERATE_INFOPLIST_FILE = YES;
				MARKETING_VERSION = 1.0;
				PRODUCT_BUNDLE_IDENTIFIER = com.mayakraft.ImagineUITests;
				PRODUCT_NAME = "$(TARGET_NAME)";
				SWIFT_EMIT_LOC_STRINGS = NO;
				TEST_TARGET_NAME = Imagine;
			};
			name = Release;
		};
/* End XCBuildConfiguration section */

/* Begin XCConfigurationList section */
		6CE2E2A22C0BCDD500739BBF /* Build configuration list for PBXProject "Imagine" */ = {
			isa = XCConfigurationList;
			buildConfigurations = (
				6CE2E2CB2C0BCDD600739BBF /* Debug */,
				6CE2E2CC2C0BCDD600739BBF /* Release */,
			);
			defaultConfigurationIsVisible = 0;
			defaultConfigurationName = Release;
		};
		6CE2E2CD2C0BCDD600739BBF /* Build configuration list for PBXNativeTarget "Imagine" */ = {
			isa = XCConfigurationList;
			buildConfigurations = (
				6CE2E2CE2C0BCDD600739BBF /* Debug */,
				6CE2E2CF2C0BCDD600739BBF /* Release */,
			);
			defaultConfigurationIsVisible = 0;
			defaultConfigurationName = Release;
		};
		6CE2E2D02C0BCDD600739BBF /* Build configuration list for PBXNativeTarget "ImagineTests" */ = {
			isa = XCConfigurationList;
			buildConfigurations = (
				6CE2E2D12C0BCDD600739BBF /* Debug */,
				6CE2E2D22C0BCDD600739BBF /* Release */,
			);
			defaultConfigurationIsVisible = 0;
			defaultConfigurationName = Release;
		};
		6CE2E2D32C0BCDD600739BBF /* Build configuration list for PBXNativeTarget "ImagineUITests" */ = {
			isa = XCConfigurationList;
			buildConfigurations = (
				6CE2E2D42C0BCDD600739BBF /* Debug */,
				6CE2E2D52C0BCDD600739BBF /* Release */,
			);
			defaultConfigurationIsVisible = 0;
			defaultConfigurationName = Release;
		};
/* End XCConfigurationList section */
	};
	rootObject = 6CE2E29F2C0BCDD500739BBF /* Project object */;
}
