// !$*UTF8*$!
{
	archiveVersion = 1;
	classes = {
	};
	objectVersion = 56;
	objects = {

/* Begin PBXBuildFile section */
		6C7D46662C1D83A000952568 /* libGameEngine.a in Frameworks */ = {isa = PBXBuildFile; fileRef = 6C7D46652C1D839A00952568 /* libGameEngine.a */; };
		6C7D46682C1D841000952568 /* mystify.c in Sources */ = {isa = PBXBuildFile; fileRef = 6C7D46672C1D841000952568 /* mystify.c */; };
		6C9D3E4D2C11BDA900005B23 /* Assets.xcassets in Resources */ = {isa = PBXBuildFile; fileRef = 6C9D3E4C2C11BDA900005B23 /* Assets.xcassets */; };
		6C9D3E5E2C11BE2A00005B23 /* SDL2.framework in Frameworks */ = {isa = PBXBuildFile; fileRef = 6C9D3E5C2C11BE2A00005B23 /* SDL2.framework */; };
		6C9D3E5F2C11BE2A00005B23 /* SDL2.framework in Embed Frameworks */ = {isa = PBXBuildFile; fileRef = 6C9D3E5C2C11BE2A00005B23 /* SDL2.framework */; settings = {ATTRIBUTES = (CodeSignOnCopy, RemoveHeadersOnCopy, ); }; };
		6C9D3E602C11BE2A00005B23 /* SDL2_image.framework in Frameworks */ = {isa = PBXBuildFile; fileRef = 6C9D3E5D2C11BE2A00005B23 /* SDL2_image.framework */; };
		6C9D3E612C11BE2A00005B23 /* SDL2_image.framework in Embed Frameworks */ = {isa = PBXBuildFile; fileRef = 6C9D3E5D2C11BE2A00005B23 /* SDL2_image.framework */; settings = {ATTRIBUTES = (CodeSignOnCopy, RemoveHeadersOnCopy, ); }; };
		6C9D3E6E2C11BE8700005B23 /* OpenGL.framework in Frameworks */ = {isa = PBXBuildFile; fileRef = 6C9D3E6D2C11BE8700005B23 /* OpenGL.framework */; };
/* End PBXBuildFile section */

/* Begin PBXContainerItemProxy section */
		6C4FC6F52C15321F00167D24 /* PBXContainerItemProxy */ = {
			isa = PBXContainerItemProxy;
			containerPortal = 6C4FC6F12C15321F00167D24 /* example-maze3d.xcodeproj */;
			proxyType = 2;
			remoteGlobalIDString = 6C9D3E462C11BDA800005B23;
			remoteInfo = "example-maze3d";
		};
/* End PBXContainerItemProxy section */

/* Begin PBXCopyFilesBuildPhase section */
		6C9D3E622C11BE2A00005B23 /* Embed Frameworks */ = {
			isa = PBXCopyFilesBuildPhase;
			buildActionMask = 2147483647;
			dstPath = "";
			dstSubfolderSpec = 10;
			files = (
				6C9D3E5F2C11BE2A00005B23 /* SDL2.framework in Embed Frameworks */,
				6C9D3E612C11BE2A00005B23 /* SDL2_image.framework in Embed Frameworks */,
			);
			name = "Embed Frameworks";
			runOnlyForDeploymentPostprocessing = 0;
		};
/* End PBXCopyFilesBuildPhase section */

/* Begin PBXFileReference section */
		6C4FC6F12C15321F00167D24 /* example-maze3d.xcodeproj */ = {isa = PBXFileReference; lastKnownFileType = "wrapper.pb-project"; path = "example-maze3d.xcodeproj"; sourceTree = "<group>"; };
		6C7D46652C1D839A00952568 /* libGameEngine.a */ = {isa = PBXFileReference; lastKnownFileType = archive.ar; name = libGameEngine.a; path = ../lib/libGameEngine.a; sourceTree = "<group>"; };
		6C7D46672C1D841000952568 /* mystify.c */ = {isa = PBXFileReference; fileEncoding = 4; lastKnownFileType = sourcecode.c.c; name = mystify.c; path = ../examples/mystify.c; sourceTree = "<group>"; };
		6C7D466A2C1D84A100952568 /* engine.h */ = {isa = PBXFileReference; fileEncoding = 4; lastKnownFileType = sourcecode.c.h; path = engine.h; sourceTree = "<group>"; };
		6C7D466B2C1D84A100952568 /* shader.h */ = {isa = PBXFileReference; fileEncoding = 4; lastKnownFileType = sourcecode.c.h; path = shader.h; sourceTree = "<group>"; };
		6C7D466C2C1D84A100952568 /* glad.h */ = {isa = PBXFileReference; fileEncoding = 4; lastKnownFileType = sourcecode.c.h; path = glad.h; sourceTree = "<group>"; };
		6C7D466D2C1D84A100952568 /* camera.h */ = {isa = PBXFileReference; fileEncoding = 4; lastKnownFileType = sourcecode.c.h; path = camera.h; sourceTree = "<group>"; };
		6C7D466E2C1D84A100952568 /* drawgl.h */ = {isa = PBXFileReference; fileEncoding = 4; lastKnownFileType = sourcecode.c.h; path = drawgl.h; sourceTree = "<group>"; };
		6C7D46702C1D84A100952568 /* primitives.h */ = {isa = PBXFileReference; fileEncoding = 4; lastKnownFileType = sourcecode.c.h; path = primitives.h; sourceTree = "<group>"; };
		6C7D46712C1D84A100952568 /* texture.h */ = {isa = PBXFileReference; fileEncoding = 4; lastKnownFileType = sourcecode.c.h; path = texture.h; sourceTree = "<group>"; };
		6C7D46722C1D84A100952568 /* fs.h */ = {isa = PBXFileReference; fileEncoding = 4; lastKnownFileType = sourcecode.c.h; path = fs.h; sourceTree = "<group>"; };
		6C7D46732C1D84A100952568 /* khrplatform.h */ = {isa = PBXFileReference; fileEncoding = 4; lastKnownFileType = sourcecode.c.h; path = khrplatform.h; sourceTree = "<group>"; };
		6C9D3E462C11BDA800005B23 /* example-mystify.app */ = {isa = PBXFileReference; explicitFileType = wrapper.application; includeInIndex = 0; path = "example-mystify.app"; sourceTree = BUILT_PRODUCTS_DIR; };
		6C9D3E4C2C11BDA900005B23 /* Assets.xcassets */ = {isa = PBXFileReference; lastKnownFileType = folder.assetcatalog; path = Assets.xcassets; sourceTree = "<group>"; };
		6C9D3E532C11BDA900005B23 /* game_engine.entitlements */ = {isa = PBXFileReference; lastKnownFileType = text.plist.entitlements; path = game_engine.entitlements; sourceTree = "<group>"; };
		6C9D3E5C2C11BE2A00005B23 /* SDL2.framework */ = {isa = PBXFileReference; lastKnownFileType = wrapper.framework; name = SDL2.framework; path = ../SDL2.framework; sourceTree = "<group>"; };
		6C9D3E5D2C11BE2A00005B23 /* SDL2_image.framework */ = {isa = PBXFileReference; lastKnownFileType = wrapper.framework; name = SDL2_image.framework; path = ../SDL2_image.framework; sourceTree = "<group>"; };
		6C9D3E632C11BE4F00005B23 /* libGLEW.2.2.0.dylib */ = {isa = PBXFileReference; lastKnownFileType = "compiled.mach-o.dylib"; name = libGLEW.2.2.0.dylib; path = /usr/local/lib/libGLEW.2.2.0.dylib; sourceTree = "<group>"; };
		6C9D3E6D2C11BE8700005B23 /* OpenGL.framework */ = {isa = PBXFileReference; lastKnownFileType = wrapper.framework; name = OpenGL.framework; path = System/Library/Frameworks/OpenGL.framework; sourceTree = SDKROOT; };
/* End PBXFileReference section */

/* Begin PBXFrameworksBuildPhase section */
		6C9D3E432C11BDA800005B23 /* Frameworks */ = {
			isa = PBXFrameworksBuildPhase;
			buildActionMask = 2147483647;
			files = (
				6C9D3E5E2C11BE2A00005B23 /* SDL2.framework in Frameworks */,
				6C7D46662C1D83A000952568 /* libGameEngine.a in Frameworks */,
				6C9D3E6E2C11BE8700005B23 /* OpenGL.framework in Frameworks */,
				6C9D3E602C11BE2A00005B23 /* SDL2_image.framework in Frameworks */,
			);
			runOnlyForDeploymentPostprocessing = 0;
		};
/* End PBXFrameworksBuildPhase section */

/* Begin PBXGroup section */
		6C4FC6F22C15321F00167D24 /* Products */ = {
			isa = PBXGroup;
			children = (
				6C4FC6F62C15321F00167D24 /* example-maze3d.app */,
			);
			name = Products;
			sourceTree = "<group>";
		};
		6C7D46692C1D84A100952568 /* include */ = {
			isa = PBXGroup;
			children = (
				6C7D466A2C1D84A100952568 /* engine.h */,
				6C7D466B2C1D84A100952568 /* shader.h */,
				6C7D466C2C1D84A100952568 /* glad.h */,
				6C7D466D2C1D84A100952568 /* camera.h */,
				6C7D466E2C1D84A100952568 /* drawgl.h */,
				6C7D46702C1D84A100952568 /* primitives.h */,
				6C7D46712C1D84A100952568 /* texture.h */,
				6C7D46722C1D84A100952568 /* fs.h */,
				6C7D46732C1D84A100952568 /* khrplatform.h */,
			);
			name = include;
			path = ../include;
			sourceTree = "<group>";
		};
		6C9D3E3D2C11BDA800005B23 = {
			isa = PBXGroup;
			children = (
				6C7D46692C1D84A100952568 /* include */,
				6C9D3E4C2C11BDA900005B23 /* Assets.xcassets */,
				6C7D46672C1D841000952568 /* mystify.c */,
				6C9D3E532C11BDA900005B23 /* game_engine.entitlements */,
				6C9D3E472C11BDA800005B23 /* Products */,
				6C9D3E5B2C11BE2A00005B23 /* Frameworks */,
				6C4FC6F12C15321F00167D24 /* example-maze3d.xcodeproj */,
			);
			sourceTree = "<group>";
		};
		6C9D3E472C11BDA800005B23 /* Products */ = {
			isa = PBXGroup;
			children = (
				6C9D3E462C11BDA800005B23 /* example-mystify.app */,
			);
			name = Products;
			sourceTree = "<group>";
		};
		6C9D3E5B2C11BE2A00005B23 /* Frameworks */ = {
			isa = PBXGroup;
			children = (
				6C7D46652C1D839A00952568 /* libGameEngine.a */,
				6C9D3E6D2C11BE8700005B23 /* OpenGL.framework */,
				6C9D3E632C11BE4F00005B23 /* libGLEW.2.2.0.dylib */,
				6C9D3E5D2C11BE2A00005B23 /* SDL2_image.framework */,
				6C9D3E5C2C11BE2A00005B23 /* SDL2.framework */,
			);
			name = Frameworks;
			sourceTree = "<group>";
		};
/* End PBXGroup section */

/* Begin PBXNativeTarget section */
		6C9D3E452C11BDA800005B23 /* example-mystify */ = {
			isa = PBXNativeTarget;
			buildConfigurationList = 6C9D3E562C11BDA900005B23 /* Build configuration list for PBXNativeTarget "example-mystify" */;
			buildPhases = (
				6C9D3E422C11BDA800005B23 /* Sources */,
				6C9D3E432C11BDA800005B23 /* Frameworks */,
				6C9D3E442C11BDA800005B23 /* Resources */,
				6C9D3E622C11BE2A00005B23 /* Embed Frameworks */,
			);
			buildRules = (
			);
			dependencies = (
			);
			name = "example-mystify";
			productName = "example-mystify";
			productReference = 6C9D3E462C11BDA800005B23 /* example-mystify.app */;
			productType = "com.apple.product-type.application";
		};
/* End PBXNativeTarget section */

/* Begin PBXProject section */
		6C9D3E3E2C11BDA800005B23 /* Project object */ = {
			isa = PBXProject;
			attributes = {
				BuildIndependentTargetsInParallel = 1;
				LastUpgradeCheck = 1500;
				TargetAttributes = {
					6C9D3E452C11BDA800005B23 = {
						CreatedOnToolsVersion = 15.0.1;
					};
				};
			};
			buildConfigurationList = 6C9D3E412C11BDA800005B23 /* Build configuration list for PBXProject "example-mystify" */;
			compatibilityVersion = "Xcode 14.0";
			developmentRegion = en;
			hasScannedForEncodings = 0;
			knownRegions = (
				en,
				Base,
			);
			mainGroup = 6C9D3E3D2C11BDA800005B23;
			productRefGroup = 6C9D3E472C11BDA800005B23 /* Products */;
			projectDirPath = "";
			projectReferences = (
				{
					ProductGroup = 6C4FC6F22C15321F00167D24 /* Products */;
					ProjectRef = 6C4FC6F12C15321F00167D24 /* example-maze3d.xcodeproj */;
				},
			);
			projectRoot = "";
			targets = (
				6C9D3E452C11BDA800005B23 /* example-mystify */,
			);
		};
/* End PBXProject section */

/* Begin PBXReferenceProxy section */
		6C4FC6F62C15321F00167D24 /* example-maze3d.app */ = {
			isa = PBXReferenceProxy;
			fileType = wrapper.application;
			path = "example-maze3d.app";
			remoteRef = 6C4FC6F52C15321F00167D24 /* PBXContainerItemProxy */;
			sourceTree = BUILT_PRODUCTS_DIR;
		};
/* End PBXReferenceProxy section */

/* Begin PBXResourcesBuildPhase section */
		6C9D3E442C11BDA800005B23 /* Resources */ = {
			isa = PBXResourcesBuildPhase;
			buildActionMask = 2147483647;
			files = (
				6C9D3E4D2C11BDA900005B23 /* Assets.xcassets in Resources */,
			);
			runOnlyForDeploymentPostprocessing = 0;
		};
/* End PBXResourcesBuildPhase section */

/* Begin PBXSourcesBuildPhase section */
		6C9D3E422C11BDA800005B23 /* Sources */ = {
			isa = PBXSourcesBuildPhase;
			buildActionMask = 2147483647;
			files = (
				6C7D46682C1D841000952568 /* mystify.c in Sources */,
			);
			runOnlyForDeploymentPostprocessing = 0;
		};
/* End PBXSourcesBuildPhase section */

/* Begin XCBuildConfiguration section */
		6C9D3E542C11BDA900005B23 /* Debug */ = {
			isa = XCBuildConfiguration;
			buildSettings = {
				ALWAYS_SEARCH_USER_PATHS = NO;
				ASSETCATALOG_COMPILER_GENERATE_SWIFT_ASSET_SYMBOL_EXTENSIONS = YES;
				CLANG_ANALYZER_NONNULL = YES;
				CLANG_ANALYZER_NUMBER_OBJECT_CONVERSION = YES_AGGRESSIVE;
				CLANG_CXX_LANGUAGE_STANDARD = "gnu++20";
				CLANG_ENABLE_MODULES = YES;
				CLANG_ENABLE_OBJC_ARC = YES;
				CLANG_ENABLE_OBJC_WEAK = YES;
				CLANG_WARN_BLOCK_CAPTURE_AUTORELEASING = YES;
				CLANG_WARN_BOOL_CONVERSION = YES;
				CLANG_WARN_COMMA = YES;
				CLANG_WARN_CONSTANT_CONVERSION = YES;
				CLANG_WARN_DEPRECATED_OBJC_IMPLEMENTATIONS = YES;
				CLANG_WARN_DIRECT_OBJC_ISA_USAGE = YES_ERROR;
				CLANG_WARN_DOCUMENTATION_COMMENTS = YES;
				CLANG_WARN_EMPTY_BODY = YES;
				CLANG_WARN_ENUM_CONVERSION = YES;
				CLANG_WARN_INFINITE_RECURSION = YES;
				CLANG_WARN_INT_CONVERSION = YES;
				CLANG_WARN_NON_LITERAL_NULL_CONVERSION = YES;
				CLANG_WARN_OBJC_IMPLICIT_RETAIN_SELF = YES;
				CLANG_WARN_OBJC_LITERAL_CONVERSION = YES;
				CLANG_WARN_OBJC_ROOT_CLASS = YES_ERROR;
				CLANG_WARN_QUOTED_INCLUDE_IN_FRAMEWORK_HEADER = YES;
				CLANG_WARN_RANGE_LOOP_ANALYSIS = YES;
				CLANG_WARN_STRICT_PROTOTYPES = YES;
				CLANG_WARN_SUSPICIOUS_MOVE = YES;
				CLANG_WARN_UNGUARDED_AVAILABILITY = YES_AGGRESSIVE;
				CLANG_WARN_UNREACHABLE_CODE = YES;
				CLANG_WARN__DUPLICATE_METHOD_MATCH = YES;
				COPY_PHASE_STRIP = NO;
				DEBUG_INFORMATION_FORMAT = dwarf;
				ENABLE_STRICT_OBJC_MSGSEND = YES;
				ENABLE_TESTABILITY = YES;
				ENABLE_USER_SCRIPT_SANDBOXING = YES;
				GCC_C_LANGUAGE_STANDARD = gnu17;
				GCC_DYNAMIC_NO_PIC = NO;
				GCC_NO_COMMON_BLOCKS = YES;
				GCC_OPTIMIZATION_LEVEL = 0;
				GCC_PREPROCESSOR_DEFINITIONS = (
					"DEBUG=1",
					"$(inherited)",
				);
				GCC_WARN_64_TO_32_BIT_CONVERSION = YES;
				GCC_WARN_ABOUT_RETURN_TYPE = YES_ERROR;
				GCC_WARN_UNDECLARED_SELECTOR = YES;
				GCC_WARN_UNINITIALIZED_AUTOS = YES_AGGRESSIVE;
				GCC_WARN_UNUSED_FUNCTION = YES;
				GCC_WARN_UNUSED_VARIABLE = YES;
				LOCALIZATION_PREFERS_STRING_CATALOGS = YES;
				MACOSX_DEPLOYMENT_TARGET = 14.0;
				MTL_ENABLE_DEBUG_INFO = INCLUDE_SOURCE;
				MTL_FAST_MATH = YES;
				ONLY_ACTIVE_ARCH = YES;
				SDKROOT = macosx;
			};
			name = Debug;
		};
		6C9D3E552C11BDA900005B23 /* Release */ = {
			isa = XCBuildConfiguration;
			buildSettings = {
				ALWAYS_SEARCH_USER_PATHS = NO;
				ASSETCATALOG_COMPILER_GENERATE_SWIFT_ASSET_SYMBOL_EXTENSIONS = YES;
				CLANG_ANALYZER_NONNULL = YES;
				CLANG_ANALYZER_NUMBER_OBJECT_CONVERSION = YES_AGGRESSIVE;
				CLANG_CXX_LANGUAGE_STANDARD = "gnu++20";
				CLANG_ENABLE_MODULES = YES;
				CLANG_ENABLE_OBJC_ARC = YES;
				CLANG_ENABLE_OBJC_WEAK = YES;
				CLANG_WARN_BLOCK_CAPTURE_AUTORELEASING = YES;
				CLANG_WARN_BOOL_CONVERSION = YES;
				CLANG_WARN_COMMA = YES;
				CLANG_WARN_CONSTANT_CONVERSION = YES;
				CLANG_WARN_DEPRECATED_OBJC_IMPLEMENTATIONS = YES;
				CLANG_WARN_DIRECT_OBJC_ISA_USAGE = YES_ERROR;
				CLANG_WARN_DOCUMENTATION_COMMENTS = YES;
				CLANG_WARN_EMPTY_BODY = YES;
				CLANG_WARN_ENUM_CONVERSION = YES;
				CLANG_WARN_INFINITE_RECURSION = YES;
				CLANG_WARN_INT_CONVERSION = YES;
				CLANG_WARN_NON_LITERAL_NULL_CONVERSION = YES;
				CLANG_WARN_OBJC_IMPLICIT_RETAIN_SELF = YES;
				CLANG_WARN_OBJC_LITERAL_CONVERSION = YES;
				CLANG_WARN_OBJC_ROOT_CLASS = YES_ERROR;
				CLANG_WARN_QUOTED_INCLUDE_IN_FRAMEWORK_HEADER = YES;
				CLANG_WARN_RANGE_LOOP_ANALYSIS = YES;
				CLANG_WARN_STRICT_PROTOTYPES = YES;
				CLANG_WARN_SUSPICIOUS_MOVE = YES;
				CLANG_WARN_UNGUARDED_AVAILABILITY = YES_AGGRESSIVE;
				CLANG_WARN_UNREACHABLE_CODE = YES;
				CLANG_WARN__DUPLICATE_METHOD_MATCH = YES;
				COPY_PHASE_STRIP = NO;
				DEBUG_INFORMATION_FORMAT = "dwarf-with-dsym";
				ENABLE_NS_ASSERTIONS = NO;
				ENABLE_STRICT_OBJC_MSGSEND = YES;
				ENABLE_USER_SCRIPT_SANDBOXING = YES;
				GCC_C_LANGUAGE_STANDARD = gnu17;
				GCC_NO_COMMON_BLOCKS = YES;
				GCC_WARN_64_TO_32_BIT_CONVERSION = YES;
				GCC_WARN_ABOUT_RETURN_TYPE = YES_ERROR;
				GCC_WARN_UNDECLARED_SELECTOR = YES;
				GCC_WARN_UNINITIALIZED_AUTOS = YES_AGGRESSIVE;
				GCC_WARN_UNUSED_FUNCTION = YES;
				GCC_WARN_UNUSED_VARIABLE = YES;
				LOCALIZATION_PREFERS_STRING_CATALOGS = YES;
				MACOSX_DEPLOYMENT_TARGET = 14.0;
				MTL_ENABLE_DEBUG_INFO = NO;
				MTL_FAST_MATH = YES;
				SDKROOT = macosx;
			};
			name = Release;
		};
		6C9D3E572C11BDA900005B23 /* Debug */ = {
			isa = XCBuildConfiguration;
			buildSettings = {
				ASSETCATALOG_COMPILER_APPICON_NAME = AppIcon;
				ASSETCATALOG_COMPILER_GLOBAL_ACCENT_COLOR_NAME = AccentColor;
				CLANG_CXX_LANGUAGE_STANDARD = "gnu++17";
				CODE_SIGN_ENTITLEMENTS = game_engine.entitlements;
				CODE_SIGN_STYLE = Automatic;
				COMBINE_HIDPI_IMAGES = YES;
				CURRENT_PROJECT_VERSION = 1;
				FRAMEWORK_SEARCH_PATHS = "$(PROJECT_DIR)/..";
				GENERATE_INFOPLIST_FILE = YES;
				HEADER_SEARCH_PATHS = "$(PROJECT_DIR)/../include";
				INFOPLIST_KEY_NSHumanReadableCopyright = "";
				INFOPLIST_KEY_NSMainNibFile = MainMenu;
				INFOPLIST_KEY_NSPrincipalClass = NSApplication;
				LD_RUNPATH_SEARCH_PATHS = (
					"$(inherited)",
					"@executable_path/../Frameworks",
				);
				LIBRARY_SEARCH_PATHS = "$(PROJECT_DIR)/../lib";
				MACOSX_DEPLOYMENT_TARGET = 10.13;
				MARKETING_VERSION = 1.0;
				PRODUCT_BUNDLE_IDENTIFIER = "com.mayakraft.example-mystify";
				PRODUCT_NAME = "$(TARGET_NAME)";
				SWIFT_EMIT_LOC_STRINGS = YES;
			};
			name = Debug;
		};
		6C9D3E582C11BDA900005B23 /* Release */ = {
			isa = XCBuildConfiguration;
			buildSettings = {
				ASSETCATALOG_COMPILER_APPICON_NAME = AppIcon;
				ASSETCATALOG_COMPILER_GLOBAL_ACCENT_COLOR_NAME = AccentColor;
				CLANG_CXX_LANGUAGE_STANDARD = "gnu++17";
				CODE_SIGN_ENTITLEMENTS = game_engine.entitlements;
				CODE_SIGN_STYLE = Automatic;
				COMBINE_HIDPI_IMAGES = YES;
				CURRENT_PROJECT_VERSION = 1;
				FRAMEWORK_SEARCH_PATHS = "$(PROJECT_DIR)/..";
				GENERATE_INFOPLIST_FILE = YES;
				HEADER_SEARCH_PATHS = "$(PROJECT_DIR)/../include";
				INFOPLIST_KEY_NSHumanReadableCopyright = "";
				INFOPLIST_KEY_NSMainNibFile = MainMenu;
				INFOPLIST_KEY_NSPrincipalClass = NSApplication;
				LD_RUNPATH_SEARCH_PATHS = (
					"$(inherited)",
					"@executable_path/../Frameworks",
				);
				LIBRARY_SEARCH_PATHS = "$(PROJECT_DIR)/../lib";
				MACOSX_DEPLOYMENT_TARGET = 10.13;
				MARKETING_VERSION = 1.0;
				PRODUCT_BUNDLE_IDENTIFIER = "com.mayakraft.example-mystify";
				PRODUCT_NAME = "$(TARGET_NAME)";
				SWIFT_EMIT_LOC_STRINGS = YES;
			};
			name = Release;
		};
/* End XCBuildConfiguration section */

/* Begin XCConfigurationList section */
		6C9D3E412C11BDA800005B23 /* Build configuration list for PBXProject "example-mystify" */ = {
			isa = XCConfigurationList;
			buildConfigurations = (
				6C9D3E542C11BDA900005B23 /* Debug */,
				6C9D3E552C11BDA900005B23 /* Release */,
			);
			defaultConfigurationIsVisible = 0;
			defaultConfigurationName = Release;
		};
		6C9D3E562C11BDA900005B23 /* Build configuration list for PBXNativeTarget "example-mystify" */ = {
			isa = XCConfigurationList;
			buildConfigurations = (
				6C9D3E572C11BDA900005B23 /* Debug */,
				6C9D3E582C11BDA900005B23 /* Release */,
			);
			defaultConfigurationIsVisible = 0;
			defaultConfigurationName = Release;
		};
/* End XCConfigurationList section */
	};
	rootObject = 6C9D3E3E2C11BDA800005B23 /* Project object */;
}
