// !$*UTF8*$!
{
	archiveVersion = 1;
	classes = {
	};
	objectVersion = 56;
	objects = {

/* Begin PBXBuildFile section */
		6C4CCA7D2C094973002112F0 /* Assets.xcassets in Resources */ = {isa = PBXBuildFile; fileRef = 6C4CCA7C2C094973002112F0 /* Assets.xcassets */; };
		6C4CCA8D2C094973002112F0 /* ImaginationTests.m in Sources */ = {isa = PBXBuildFile; fileRef = 6C4CCA8C2C094973002112F0 /* ImaginationTests.m */; };
		6C4CCA972C094973002112F0 /* ImaginationUITests.m in Sources */ = {isa = PBXBuildFile; fileRef = 6C4CCA962C094973002112F0 /* ImaginationUITests.m */; };
		6C4CCA992C094973002112F0 /* ImaginationUITestsLaunchTests.m in Sources */ = {isa = PBXBuildFile; fileRef = 6C4CCA982C094973002112F0 /* ImaginationUITestsLaunchTests.m */; };
		6C4CCAA62C0949AE002112F0 /* main.cpp in Sources */ = {isa = PBXBuildFile; fileRef = 6C4CCAA52C0949AE002112F0 /* main.cpp */; };
		6C4CCAAE2C094B9B002112F0 /* Imagination.cpp in Sources */ = {isa = PBXBuildFile; fileRef = 6C4CCAAD2C094B9B002112F0 /* Imagination.cpp */; };
		6C4CCAAF2C094B9B002112F0 /* Imagination.cpp in Sources */ = {isa = PBXBuildFile; fileRef = 6C4CCAAD2C094B9B002112F0 /* Imagination.cpp */; };
		6C4CCAB02C094B9B002112F0 /* Imagination.cpp in Sources */ = {isa = PBXBuildFile; fileRef = 6C4CCAAD2C094B9B002112F0 /* Imagination.cpp */; };
		6C4CCAB32C094BF3002112F0 /* SDL2.framework in Frameworks */ = {isa = PBXBuildFile; fileRef = 6C4CCAB22C094BF3002112F0 /* SDL2.framework */; };
		6C4CCAB42C094BF3002112F0 /* SDL2.framework in Embed Frameworks */ = {isa = PBXBuildFile; fileRef = 6C4CCAB22C094BF3002112F0 /* SDL2.framework */; settings = {ATTRIBUTES = (CodeSignOnCopy, RemoveHeadersOnCopy, ); }; };
/* End PBXBuildFile section */

/* Begin PBXContainerItemProxy section */
		6C4CCA892C094973002112F0 /* PBXContainerItemProxy */ = {
			isa = PBXContainerItemProxy;
			containerPortal = 6C4CCA6E2C094972002112F0 /* Project object */;
			proxyType = 1;
			remoteGlobalIDString = 6C4CCA752C094972002112F0;
			remoteInfo = Imagination;
		};
		6C4CCA932C094973002112F0 /* PBXContainerItemProxy */ = {
			isa = PBXContainerItemProxy;
			containerPortal = 6C4CCA6E2C094972002112F0 /* Project object */;
			proxyType = 1;
			remoteGlobalIDString = 6C4CCA752C094972002112F0;
			remoteInfo = Imagination;
		};
/* End PBXContainerItemProxy section */

/* Begin PBXCopyFilesBuildPhase section */
		6C4CCAB52C094BF3002112F0 /* Embed Frameworks */ = {
			isa = PBXCopyFilesBuildPhase;
			buildActionMask = 2147483647;
			dstPath = "";
			dstSubfolderSpec = 10;
			files = (
				6C4CCAB42C094BF3002112F0 /* SDL2.framework in Embed Frameworks */,
			);
			name = "Embed Frameworks";
			runOnlyForDeploymentPostprocessing = 0;
		};
/* End PBXCopyFilesBuildPhase section */

/* Begin PBXFileReference section */
		6C4CCA762C094972002112F0 /* Imagination.app */ = {isa = PBXFileReference; explicitFileType = wrapper.application; includeInIndex = 0; path = Imagination.app; sourceTree = BUILT_PRODUCTS_DIR; };
		6C4CCA7C2C094973002112F0 /* Assets.xcassets */ = {isa = PBXFileReference; lastKnownFileType = folder.assetcatalog; path = Assets.xcassets; sourceTree = "<group>"; };
		6C4CCA832C094973002112F0 /* Imagination.entitlements */ = {isa = PBXFileReference; lastKnownFileType = text.plist.entitlements; path = Imagination.entitlements; sourceTree = "<group>"; };
		6C4CCA882C094973002112F0 /* ImaginationTests.xctest */ = {isa = PBXFileReference; explicitFileType = wrapper.cfbundle; includeInIndex = 0; path = ImaginationTests.xctest; sourceTree = BUILT_PRODUCTS_DIR; };
		6C4CCA8C2C094973002112F0 /* ImaginationTests.m */ = {isa = PBXFileReference; lastKnownFileType = sourcecode.c.objc; path = ImaginationTests.m; sourceTree = "<group>"; };
		6C4CCA922C094973002112F0 /* ImaginationUITests.xctest */ = {isa = PBXFileReference; explicitFileType = wrapper.cfbundle; includeInIndex = 0; path = ImaginationUITests.xctest; sourceTree = BUILT_PRODUCTS_DIR; };
		6C4CCA962C094973002112F0 /* ImaginationUITests.m */ = {isa = PBXFileReference; lastKnownFileType = sourcecode.c.objc; path = ImaginationUITests.m; sourceTree = "<group>"; };
		6C4CCA982C094973002112F0 /* ImaginationUITestsLaunchTests.m */ = {isa = PBXFileReference; lastKnownFileType = sourcecode.c.objc; path = ImaginationUITestsLaunchTests.m; sourceTree = "<group>"; };
		6C4CCAA52C0949AE002112F0 /* main.cpp */ = {isa = PBXFileReference; lastKnownFileType = sourcecode.cpp.cpp; path = main.cpp; sourceTree = "<group>"; };
		6C4CCAAC2C094B9B002112F0 /* Imagination.h */ = {isa = PBXFileReference; fileEncoding = 4; lastKnownFileType = sourcecode.c.h; path = Imagination.h; sourceTree = "<group>"; };
		6C4CCAAD2C094B9B002112F0 /* Imagination.cpp */ = {isa = PBXFileReference; fileEncoding = 4; lastKnownFileType = sourcecode.cpp.cpp; path = Imagination.cpp; sourceTree = "<group>"; };
		6C4CCAB22C094BF3002112F0 /* SDL2.framework */ = {isa = PBXFileReference; lastKnownFileType = wrapper.framework; path = SDL2.framework; sourceTree = "<group>"; };
/* End PBXFileReference section */

/* Begin PBXFrameworksBuildPhase section */
		6C4CCA732C094972002112F0 /* Frameworks */ = {
			isa = PBXFrameworksBuildPhase;
			buildActionMask = 2147483647;
			files = (
				6C4CCAB32C094BF3002112F0 /* SDL2.framework in Frameworks */,
			);
			runOnlyForDeploymentPostprocessing = 0;
		};
		6C4CCA852C094973002112F0 /* Frameworks */ = {
			isa = PBXFrameworksBuildPhase;
			buildActionMask = 2147483647;
			files = (
			);
			runOnlyForDeploymentPostprocessing = 0;
		};
		6C4CCA8F2C094973002112F0 /* Frameworks */ = {
			isa = PBXFrameworksBuildPhase;
			buildActionMask = 2147483647;
			files = (
			);
			runOnlyForDeploymentPostprocessing = 0;
		};
/* End PBXFrameworksBuildPhase section */

/* Begin PBXGroup section */
		6C4CCA6D2C094972002112F0 = {
			isa = PBXGroup;
			children = (
				6C4CCAAB2C094B7E002112F0 /* Engine */,
				6C4CCA782C094972002112F0 /* Imagination */,
				6C4CCA8B2C094973002112F0 /* ImaginationTests */,
				6C4CCA952C094973002112F0 /* ImaginationUITests */,
				6C4CCA772C094972002112F0 /* Products */,
				6C4CCAB12C094BF3002112F0 /* Frameworks */,
			);
			sourceTree = "<group>";
		};
		6C4CCA772C094972002112F0 /* Products */ = {
			isa = PBXGroup;
			children = (
				6C4CCA762C094972002112F0 /* Imagination.app */,
				6C4CCA882C094973002112F0 /* ImaginationTests.xctest */,
				6C4CCA922C094973002112F0 /* ImaginationUITests.xctest */,
			);
			name = Products;
			sourceTree = "<group>";
		};
		6C4CCA782C094972002112F0 /* Imagination */ = {
			isa = PBXGroup;
			children = (
				6C4CCA7C2C094973002112F0 /* Assets.xcassets */,
				6C4CCA832C094973002112F0 /* Imagination.entitlements */,
				6C4CCAA52C0949AE002112F0 /* main.cpp */,
			);
			path = Imagination;
			sourceTree = "<group>";
		};
		6C4CCA8B2C094973002112F0 /* ImaginationTests */ = {
			isa = PBXGroup;
			children = (
				6C4CCA8C2C094973002112F0 /* ImaginationTests.m */,
			);
			path = ImaginationTests;
			sourceTree = "<group>";
		};
		6C4CCA952C094973002112F0 /* ImaginationUITests */ = {
			isa = PBXGroup;
			children = (
				6C4CCA962C094973002112F0 /* ImaginationUITests.m */,
				6C4CCA982C094973002112F0 /* ImaginationUITestsLaunchTests.m */,
			);
			path = ImaginationUITests;
			sourceTree = "<group>";
		};
		6C4CCAAB2C094B7E002112F0 /* Engine */ = {
			isa = PBXGroup;
			children = (
				6C4CCAAD2C094B9B002112F0 /* Imagination.cpp */,
				6C4CCAAC2C094B9B002112F0 /* Imagination.h */,
			);
			path = Engine;
			sourceTree = "<group>";
		};
		6C4CCAB12C094BF3002112F0 /* Frameworks */ = {
			isa = PBXGroup;
			children = (
				6C4CCAB22C094BF3002112F0 /* SDL2.framework */,
			);
			name = Frameworks;
			sourceTree = "<group>";
		};
/* End PBXGroup section */

/* Begin PBXNativeTarget section */
		6C4CCA752C094972002112F0 /* Imagination */ = {
			isa = PBXNativeTarget;
			buildConfigurationList = 6C4CCA9C2C094973002112F0 /* Build configuration list for PBXNativeTarget "Imagination" */;
			buildPhases = (
				6C4CCA722C094972002112F0 /* Sources */,
				6C4CCA732C094972002112F0 /* Frameworks */,
				6C4CCA742C094972002112F0 /* Resources */,
				6C4CCAB52C094BF3002112F0 /* Embed Frameworks */,
			);
			buildRules = (
			);
			dependencies = (
			);
			name = Imagination;
			productName = Imagination;
			productReference = 6C4CCA762C094972002112F0 /* Imagination.app */;
			productType = "com.apple.product-type.application";
		};
		6C4CCA872C094973002112F0 /* ImaginationTests */ = {
			isa = PBXNativeTarget;
			buildConfigurationList = 6C4CCA9F2C094973002112F0 /* Build configuration list for PBXNativeTarget "ImaginationTests" */;
			buildPhases = (
				6C4CCA842C094973002112F0 /* Sources */,
				6C4CCA852C094973002112F0 /* Frameworks */,
				6C4CCA862C094973002112F0 /* Resources */,
			);
			buildRules = (
			);
			dependencies = (
				6C4CCA8A2C094973002112F0 /* PBXTargetDependency */,
			);
			name = ImaginationTests;
			productName = ImaginationTests;
			productReference = 6C4CCA882C094973002112F0 /* ImaginationTests.xctest */;
			productType = "com.apple.product-type.bundle.unit-test";
		};
		6C4CCA912C094973002112F0 /* ImaginationUITests */ = {
			isa = PBXNativeTarget;
			buildConfigurationList = 6C4CCAA22C094973002112F0 /* Build configuration list for PBXNativeTarget "ImaginationUITests" */;
			buildPhases = (
				6C4CCA8E2C094973002112F0 /* Sources */,
				6C4CCA8F2C094973002112F0 /* Frameworks */,
				6C4CCA902C094973002112F0 /* Resources */,
			);
			buildRules = (
			);
			dependencies = (
				6C4CCA942C094973002112F0 /* PBXTargetDependency */,
			);
			name = ImaginationUITests;
			productName = ImaginationUITests;
			productReference = 6C4CCA922C094973002112F0 /* ImaginationUITests.xctest */;
			productType = "com.apple.product-type.bundle.ui-testing";
		};
/* End PBXNativeTarget section */

/* Begin PBXProject section */
		6C4CCA6E2C094972002112F0 /* Project object */ = {
			isa = PBXProject;
			attributes = {
				BuildIndependentTargetsInParallel = 1;
				LastUpgradeCheck = 1500;
				TargetAttributes = {
					6C4CCA752C094972002112F0 = {
						CreatedOnToolsVersion = 15.0.1;
					};
					6C4CCA872C094973002112F0 = {
						CreatedOnToolsVersion = 15.0.1;
						TestTargetID = 6C4CCA752C094972002112F0;
					};
					6C4CCA912C094973002112F0 = {
						CreatedOnToolsVersion = 15.0.1;
						TestTargetID = 6C4CCA752C094972002112F0;
					};
				};
			};
			buildConfigurationList = 6C4CCA712C094972002112F0 /* Build configuration list for PBXProject "Imagination" */;
			compatibilityVersion = "Xcode 14.0";
			developmentRegion = en;
			hasScannedForEncodings = 0;
			knownRegions = (
				en,
				Base,
			);
			mainGroup = 6C4CCA6D2C094972002112F0;
			productRefGroup = 6C4CCA772C094972002112F0 /* Products */;
			projectDirPath = "";
			projectRoot = "";
			targets = (
				6C4CCA752C094972002112F0 /* Imagination */,
				6C4CCA872C094973002112F0 /* ImaginationTests */,
				6C4CCA912C094973002112F0 /* ImaginationUITests */,
			);
		};
/* End PBXProject section */

/* Begin PBXResourcesBuildPhase section */
		6C4CCA742C094972002112F0 /* Resources */ = {
			isa = PBXResourcesBuildPhase;
			buildActionMask = 2147483647;
			files = (
				6C4CCA7D2C094973002112F0 /* Assets.xcassets in Resources */,
			);
			runOnlyForDeploymentPostprocessing = 0;
		};
		6C4CCA862C094973002112F0 /* Resources */ = {
			isa = PBXResourcesBuildPhase;
			buildActionMask = 2147483647;
			files = (
			);
			runOnlyForDeploymentPostprocessing = 0;
		};
		6C4CCA902C094973002112F0 /* Resources */ = {
			isa = PBXResourcesBuildPhase;
			buildActionMask = 2147483647;
			files = (
			);
			runOnlyForDeploymentPostprocessing = 0;
		};
/* End PBXResourcesBuildPhase section */

/* Begin PBXSourcesBuildPhase section */
		6C4CCA722C094972002112F0 /* Sources */ = {
			isa = PBXSourcesBuildPhase;
			buildActionMask = 2147483647;
			files = (
				6C4CCAAE2C094B9B002112F0 /* Imagination.cpp in Sources */,
				6C4CCAA62C0949AE002112F0 /* main.cpp in Sources */,
			);
			runOnlyForDeploymentPostprocessing = 0;
		};
		6C4CCA842C094973002112F0 /* Sources */ = {
			isa = PBXSourcesBuildPhase;
			buildActionMask = 2147483647;
			files = (
				6C4CCAAF2C094B9B002112F0 /* Imagination.cpp in Sources */,
				6C4CCA8D2C094973002112F0 /* ImaginationTests.m in Sources */,
			);
			runOnlyForDeploymentPostprocessing = 0;
		};
		6C4CCA8E2C094973002112F0 /* Sources */ = {
			isa = PBXSourcesBuildPhase;
			buildActionMask = 2147483647;
			files = (
				6C4CCA972C094973002112F0 /* ImaginationUITests.m in Sources */,
				6C4CCA992C094973002112F0 /* ImaginationUITestsLaunchTests.m in Sources */,
				6C4CCAB02C094B9B002112F0 /* Imagination.cpp in Sources */,
			);
			runOnlyForDeploymentPostprocessing = 0;
		};
/* End PBXSourcesBuildPhase section */

/* Begin PBXTargetDependency section */
		6C4CCA8A2C094973002112F0 /* PBXTargetDependency */ = {
			isa = PBXTargetDependency;
			target = 6C4CCA752C094972002112F0 /* Imagination */;
			targetProxy = 6C4CCA892C094973002112F0 /* PBXContainerItemProxy */;
		};
		6C4CCA942C094973002112F0 /* PBXTargetDependency */ = {
			isa = PBXTargetDependency;
			target = 6C4CCA752C094972002112F0 /* Imagination */;
			targetProxy = 6C4CCA932C094973002112F0 /* PBXContainerItemProxy */;
		};
/* End PBXTargetDependency section */

/* Begin XCBuildConfiguration section */
		6C4CCA9A2C094973002112F0 /* Debug */ = {
			isa = XCBuildConfiguration;
			buildSettings = {
				ALWAYS_SEARCH_USER_PATHS = NO;
				ASSETCATALOG_COMPILER_GENERATE_SWIFT_ASSET_SYMBOL_EXTENSIONS = YES;
				CLANG_ANALYZER_NONNULL = YES;
				CLANG_ANALYZER_NUMBER_OBJECT_CONVERSION = YES_AGGRESSIVE;
				CLANG_CXX_LANGUAGE_STANDARD = "gnu++20";
				CLANG_ENABLE_MODULES = YES;
				CLANG_ENABLE_OBJC_ARC = YES;
				CLANG_ENABLE_OBJC_WEAK = YES;
				CLANG_WARN_BLOCK_CAPTURE_AUTORELEASING = YES;
				CLANG_WARN_BOOL_CONVERSION = YES;
				CLANG_WARN_COMMA = YES;
				CLANG_WARN_CONSTANT_CONVERSION = YES;
				CLANG_WARN_DEPRECATED_OBJC_IMPLEMENTATIONS = YES;
				CLANG_WARN_DIRECT_OBJC_ISA_USAGE = YES_ERROR;
				CLANG_WARN_DOCUMENTATION_COMMENTS = YES;
				CLANG_WARN_EMPTY_BODY = YES;
				CLANG_WARN_ENUM_CONVERSION = YES;
				CLANG_WARN_INFINITE_RECURSION = YES;
				CLANG_WARN_INT_CONVERSION = YES;
				CLANG_WARN_NON_LITERAL_NULL_CONVERSION = YES;
				CLANG_WARN_OBJC_IMPLICIT_RETAIN_SELF = YES;
				CLANG_WARN_OBJC_LITERAL_CONVERSION = YES;
				CLANG_WARN_OBJC_ROOT_CLASS = YES_ERROR;
				CLANG_WARN_QUOTED_INCLUDE_IN_FRAMEWORK_HEADER = YES;
				CLANG_WARN_RANGE_LOOP_ANALYSIS = YES;
				CLANG_WARN_STRICT_PROTOTYPES = YES;
				CLANG_WARN_SUSPICIOUS_MOVE = YES;
				CLANG_WARN_UNGUARDED_AVAILABILITY = YES_AGGRESSIVE;
				CLANG_WARN_UNREACHABLE_CODE = YES;
				CLANG_WARN__DUPLICATE_METHOD_MATCH = YES;
				COPY_PHASE_STRIP = NO;
				DEBUG_INFORMATION_FORMAT = dwarf;
				ENABLE_STRICT_OBJC_MSGSEND = YES;
				ENABLE_TESTABILITY = YES;
				ENABLE_USER_SCRIPT_SANDBOXING = YES;
				GCC_C_LANGUAGE_STANDARD = gnu17;
				GCC_DYNAMIC_NO_PIC = NO;
				GCC_NO_COMMON_BLOCKS = YES;
				GCC_OPTIMIZATION_LEVEL = 0;
				GCC_PREPROCESSOR_DEFINITIONS = (
					"DEBUG=1",
					"$(inherited)",
				);
				GCC_WARN_64_TO_32_BIT_CONVERSION = YES;
				GCC_WARN_ABOUT_RETURN_TYPE = YES_ERROR;
				GCC_WARN_UNDECLARED_SELECTOR = YES;
				GCC_WARN_UNINITIALIZED_AUTOS = YES_AGGRESSIVE;
				GCC_WARN_UNUSED_FUNCTION = YES;
				GCC_WARN_UNUSED_VARIABLE = YES;
				LOCALIZATION_PREFERS_STRING_CATALOGS = YES;
				MACOSX_DEPLOYMENT_TARGET = 14.0;
				MTL_ENABLE_DEBUG_INFO = INCLUDE_SOURCE;
				MTL_FAST_MATH = YES;
				ONLY_ACTIVE_ARCH = YES;
				SDKROOT = macosx;
			};
			name = Debug;
		};
		6C4CCA9B2C094973002112F0 /* Release */ = {
			isa = XCBuildConfiguration;
			buildSettings = {
				ALWAYS_SEARCH_USER_PATHS = NO;
				ASSETCATALOG_COMPILER_GENERATE_SWIFT_ASSET_SYMBOL_EXTENSIONS = YES;
				CLANG_ANALYZER_NONNULL = YES;
				CLANG_ANALYZER_NUMBER_OBJECT_CONVERSION = YES_AGGRESSIVE;
				CLANG_CXX_LANGUAGE_STANDARD = "gnu++20";
				CLANG_ENABLE_MODULES = YES;
				CLANG_ENABLE_OBJC_ARC = YES;
				CLANG_ENABLE_OBJC_WEAK = YES;
				CLANG_WARN_BLOCK_CAPTURE_AUTORELEASING = YES;
				CLANG_WARN_BOOL_CONVERSION = YES;
				CLANG_WARN_COMMA = YES;
				CLANG_WARN_CONSTANT_CONVERSION = YES;
				CLANG_WARN_DEPRECATED_OBJC_IMPLEMENTATIONS = YES;
				CLANG_WARN_DIRECT_OBJC_ISA_USAGE = YES_ERROR;
				CLANG_WARN_DOCUMENTATION_COMMENTS = YES;
				CLANG_WARN_EMPTY_BODY = YES;
				CLANG_WARN_ENUM_CONVERSION = YES;
				CLANG_WARN_INFINITE_RECURSION = YES;
				CLANG_WARN_INT_CONVERSION = YES;
				CLANG_WARN_NON_LITERAL_NULL_CONVERSION = YES;
				CLANG_WARN_OBJC_IMPLICIT_RETAIN_SELF = YES;
				CLANG_WARN_OBJC_LITERAL_CONVERSION = YES;
				CLANG_WARN_OBJC_ROOT_CLASS = YES_ERROR;
				CLANG_WARN_QUOTED_INCLUDE_IN_FRAMEWORK_HEADER = YES;
				CLANG_WARN_RANGE_LOOP_ANALYSIS = YES;
				CLANG_WARN_STRICT_PROTOTYPES = YES;
				CLANG_WARN_SUSPICIOUS_MOVE = YES;
				CLANG_WARN_UNGUARDED_AVAILABILITY = YES_AGGRESSIVE;
				CLANG_WARN_UNREACHABLE_CODE = YES;
				CLANG_WARN__DUPLICATE_METHOD_MATCH = YES;
				COPY_PHASE_STRIP = NO;
				DEBUG_INFORMATION_FORMAT = "dwarf-with-dsym";
				ENABLE_NS_ASSERTIONS = NO;
				ENABLE_STRICT_OBJC_MSGSEND = YES;
				ENABLE_USER_SCRIPT_SANDBOXING = YES;
				GCC_C_LANGUAGE_STANDARD = gnu17;
				GCC_NO_COMMON_BLOCKS = YES;
				GCC_WARN_64_TO_32_BIT_CONVERSION = YES;
				GCC_WARN_ABOUT_RETURN_TYPE = YES_ERROR;
				GCC_WARN_UNDECLARED_SELECTOR = YES;
				GCC_WARN_UNINITIALIZED_AUTOS = YES_AGGRESSIVE;
				GCC_WARN_UNUSED_FUNCTION = YES;
				GCC_WARN_UNUSED_VARIABLE = YES;
				LOCALIZATION_PREFERS_STRING_CATALOGS = YES;
				MACOSX_DEPLOYMENT_TARGET = 14.0;
				MTL_ENABLE_DEBUG_INFO = NO;
				MTL_FAST_MATH = YES;
				SDKROOT = macosx;
			};
			name = Release;
		};
		6C4CCA9D2C094973002112F0 /* Debug */ = {
			isa = XCBuildConfiguration;
			buildSettings = {
				ASSETCATALOG_COMPILER_APPICON_NAME = AppIcon;
				ASSETCATALOG_COMPILER_GLOBAL_ACCENT_COLOR_NAME = AccentColor;
				CODE_SIGN_ENTITLEMENTS = Imagination/Imagination.entitlements;
				CODE_SIGN_STYLE = Automatic;
				COMBINE_HIDPI_IMAGES = YES;
				CURRENT_PROJECT_VERSION = 1;
				FRAMEWORK_SEARCH_PATHS = (
					"$(inherited)",
					"$(PROJECT_DIR)",
				);
				GENERATE_INFOPLIST_FILE = YES;
				INFOPLIST_KEY_NSHumanReadableCopyright = "";
				INFOPLIST_KEY_NSMainNibFile = MainMenu;
				INFOPLIST_KEY_NSPrincipalClass = NSApplication;
				LD_RUNPATH_SEARCH_PATHS = (
					"$(inherited)",
					"@executable_path/../Frameworks",
				);
				MARKETING_VERSION = 1.0;
				PRODUCT_BUNDLE_IDENTIFIER = com.mayakraft.Imagination;
				PRODUCT_NAME = "$(TARGET_NAME)";
				SWIFT_EMIT_LOC_STRINGS = YES;
			};
			name = Debug;
		};
		6C4CCA9E2C094973002112F0 /* Release */ = {
			isa = XCBuildConfiguration;
			buildSettings = {
				ASSETCATALOG_COMPILER_APPICON_NAME = AppIcon;
				ASSETCATALOG_COMPILER_GLOBAL_ACCENT_COLOR_NAME = AccentColor;
				CODE_SIGN_ENTITLEMENTS = Imagination/Imagination.entitlements;
				CODE_SIGN_STYLE = Automatic;
				COMBINE_HIDPI_IMAGES = YES;
				CURRENT_PROJECT_VERSION = 1;
				FRAMEWORK_SEARCH_PATHS = (
					"$(inherited)",
					"$(PROJECT_DIR)",
				);
				GENERATE_INFOPLIST_FILE = YES;
				INFOPLIST_KEY_NSHumanReadableCopyright = "";
				INFOPLIST_KEY_NSMainNibFile = MainMenu;
				INFOPLIST_KEY_NSPrincipalClass = NSApplication;
				LD_RUNPATH_SEARCH_PATHS = (
					"$(inherited)",
					"@executable_path/../Frameworks",
				);
				MARKETING_VERSION = 1.0;
				PRODUCT_BUNDLE_IDENTIFIER = com.mayakraft.Imagination;
				PRODUCT_NAME = "$(TARGET_NAME)";
				SWIFT_EMIT_LOC_STRINGS = YES;
			};
			name = Release;
		};
		6C4CCAA02C094973002112F0 /* Debug */ = {
			isa = XCBuildConfiguration;
			buildSettings = {
				BUNDLE_LOADER = "$(TEST_HOST)";
				CODE_SIGN_STYLE = Automatic;
				CURRENT_PROJECT_VERSION = 1;
				GENERATE_INFOPLIST_FILE = YES;
				MACOSX_DEPLOYMENT_TARGET = 14.0;
				MARKETING_VERSION = 1.0;
				PRODUCT_BUNDLE_IDENTIFIER = com.mayakraft.ImaginationTests;
				PRODUCT_NAME = "$(TARGET_NAME)";
				SWIFT_EMIT_LOC_STRINGS = NO;
				TEST_HOST = "$(BUILT_PRODUCTS_DIR)/Imagination.app/$(BUNDLE_EXECUTABLE_FOLDER_PATH)/Imagination";
			};
			name = Debug;
		};
		6C4CCAA12C094973002112F0 /* Release */ = {
			isa = XCBuildConfiguration;
			buildSettings = {
				BUNDLE_LOADER = "$(TEST_HOST)";
				CODE_SIGN_STYLE = Automatic;
				CURRENT_PROJECT_VERSION = 1;
				GENERATE_INFOPLIST_FILE = YES;
				MACOSX_DEPLOYMENT_TARGET = 14.0;
				MARKETING_VERSION = 1.0;
				PRODUCT_BUNDLE_IDENTIFIER = com.mayakraft.ImaginationTests;
				PRODUCT_NAME = "$(TARGET_NAME)";
				SWIFT_EMIT_LOC_STRINGS = NO;
				TEST_HOST = "$(BUILT_PRODUCTS_DIR)/Imagination.app/$(BUNDLE_EXECUTABLE_FOLDER_PATH)/Imagination";
			};
			name = Release;
		};
		6C4CCAA32C094973002112F0 /* Debug */ = {
			isa = XCBuildConfiguration;
			buildSettings = {
				CODE_SIGN_STYLE = Automatic;
				CURRENT_PROJECT_VERSION = 1;
				GENERATE_INFOPLIST_FILE = YES;
				MARKETING_VERSION = 1.0;
				PRODUCT_BUNDLE_IDENTIFIER = com.mayakraft.ImaginationUITests;
				PRODUCT_NAME = "$(TARGET_NAME)";
				SWIFT_EMIT_LOC_STRINGS = NO;
				TEST_TARGET_NAME = Imagination;
			};
			name = Debug;
		};
		6C4CCAA42C094973002112F0 /* Release */ = {
			isa = XCBuildConfiguration;
			buildSettings = {
				CODE_SIGN_STYLE = Automatic;
				CURRENT_PROJECT_VERSION = 1;
				GENERATE_INFOPLIST_FILE = YES;
				MARKETING_VERSION = 1.0;
				PRODUCT_BUNDLE_IDENTIFIER = com.mayakraft.ImaginationUITests;
				PRODUCT_NAME = "$(TARGET_NAME)";
				SWIFT_EMIT_LOC_STRINGS = NO;
				TEST_TARGET_NAME = Imagination;
			};
			name = Release;
		};
/* End XCBuildConfiguration section */

/* Begin XCConfigurationList section */
		6C4CCA712C094972002112F0 /* Build configuration list for PBXProject "Imagination" */ = {
			isa = XCConfigurationList;
			buildConfigurations = (
				6C4CCA9A2C094973002112F0 /* Debug */,
				6C4CCA9B2C094973002112F0 /* Release */,
			);
			defaultConfigurationIsVisible = 0;
			defaultConfigurationName = Release;
		};
		6C4CCA9C2C094973002112F0 /* Build configuration list for PBXNativeTarget "Imagination" */ = {
			isa = XCConfigurationList;
			buildConfigurations = (
				6C4CCA9D2C094973002112F0 /* Debug */,
				6C4CCA9E2C094973002112F0 /* Release */,
			);
			defaultConfigurationIsVisible = 0;
			defaultConfigurationName = Release;
		};
		6C4CCA9F2C094973002112F0 /* Build configuration list for PBXNativeTarget "ImaginationTests" */ = {
			isa = XCConfigurationList;
			buildConfigurations = (
				6C4CCAA02C094973002112F0 /* Debug */,
				6C4CCAA12C094973002112F0 /* Release */,
			);
			defaultConfigurationIsVisible = 0;
			defaultConfigurationName = Release;
		};
		6C4CCAA22C094973002112F0 /* Build configuration list for PBXNativeTarget "ImaginationUITests" */ = {
			isa = XCConfigurationList;
			buildConfigurations = (
				6C4CCAA32C094973002112F0 /* Debug */,
				6C4CCAA42C094973002112F0 /* Release */,
			);
			defaultConfigurationIsVisible = 0;
			defaultConfigurationName = Release;
		};
/* End XCConfigurationList section */
	};
	rootObject = 6C4CCA6E2C094972002112F0 /* Project object */;
}
