// !$*UTF8*$!
{
	archiveVersion = 1;
	classes = {
	};
	objectVersion = 56;
	objects = {

/* Begin PBXBuildFile section */
		6CCDC30C2C1F496E00E9251C /* algebra.c in Sources */ = {isa = PBXBuildFile; fileRef = 6CCDC3052C1F496E00E9251C /* algebra.c */; };
		6CCDC30D2C1F496E00E9251C /* engine.c in Sources */ = {isa = PBXBuildFile; fileRef = 6CCDC3062C1F496E00E9251C /* engine.c */; };
		6CCDC30E2C1F496E00E9251C /* texture.c in Sources */ = {isa = PBXBuildFile; fileRef = 6CCDC3072C1F496E00E9251C /* texture.c */; };
		6CCDC30F2C1F496E00E9251C /* drawgl.c in Sources */ = {isa = PBXBuildFile; fileRef = 6CCDC3082C1F496E00E9251C /* drawgl.c */; };
		6CCDC3102C1F496E00E9251C /* primitives.c in Sources */ = {isa = PBXBuildFile; fileRef = 6CCDC3092C1F496E00E9251C /* primitives.c */; };
		6CCDC3112C1F496E00E9251C /* glad.c in Sources */ = {isa = PBXBuildFile; fileRef = 6CCDC30A2C1F496E00E9251C /* glad.c */; };
		6CCDC3122C1F496E00E9251C /* shader.c in Sources */ = {isa = PBXBuildFile; fileRef = 6CCDC30B2C1F496E00E9251C /* shader.c */; };
		6CCDC31D2C1F499900E9251C /* primitives.h in Headers */ = {isa = PBXBuildFile; fileRef = 6CCDC3132C1F499900E9251C /* primitives.h */; };
		6CCDC31E2C1F499900E9251C /* drawgl.h in Headers */ = {isa = PBXBuildFile; fileRef = 6CCDC3142C1F499900E9251C /* drawgl.h */; };
		6CCDC31F2C1F499900E9251C /* camera.h in Headers */ = {isa = PBXBuildFile; fileRef = 6CCDC3152C1F499900E9251C /* camera.h */; };
		6CCDC3202C1F499900E9251C /* algebra.h in Headers */ = {isa = PBXBuildFile; fileRef = 6CCDC3162C1F499900E9251C /* algebra.h */; };
		6CCDC3212C1F499900E9251C /* shader.h in Headers */ = {isa = PBXBuildFile; fileRef = 6CCDC3172C1F499900E9251C /* shader.h */; };
		6CCDC3222C1F499900E9251C /* engine.h in Headers */ = {isa = PBXBuildFile; fileRef = 6CCDC3182C1F499900E9251C /* engine.h */; };
		6CCDC3232C1F499900E9251C /* khrplatform.h in Headers */ = {isa = PBXBuildFile; fileRef = 6CCDC3192C1F499900E9251C /* khrplatform.h */; };
		6CCDC3242C1F499900E9251C /* texture.h in Headers */ = {isa = PBXBuildFile; fileRef = 6CCDC31A2C1F499900E9251C /* texture.h */; };
		6CCDC3252C1F499900E9251C /* fs.h in Headers */ = {isa = PBXBuildFile; fileRef = 6CCDC31B2C1F499900E9251C /* fs.h */; };
		6CCDC3262C1F499900E9251C /* glad.h in Headers */ = {isa = PBXBuildFile; fileRef = 6CCDC31C2C1F499900E9251C /* glad.h */; };
/* End PBXBuildFile section */

/* Begin PBXFileReference section */
		6CCDC2F72C1F465000E9251C /* libgame-engine.a */ = {isa = PBXFileReference; explicitFileType = archive.ar; includeInIndex = 0; path = "libgame-engine.a"; sourceTree = BUILT_PRODUCTS_DIR; };
		6CCDC3032C1F494100E9251C /* algebra.c */ = {isa = PBXFileReference; lastKnownFileType = sourcecode.c.c; name = algebra.c; path = ../src/algebra.c; sourceTree = "<group>"; };
		6CCDC3052C1F496E00E9251C /* algebra.c */ = {isa = PBXFileReference; lastKnownFileType = sourcecode.c.c; name = algebra.c; path = ../src/algebra.c; sourceTree = "<group>"; };
		6CCDC3062C1F496E00E9251C /* engine.c */ = {isa = PBXFileReference; lastKnownFileType = sourcecode.c.c; name = engine.c; path = ../src/engine.c; sourceTree = "<group>"; };
		6CCDC3072C1F496E00E9251C /* texture.c */ = {isa = PBXFileReference; lastKnownFileType = sourcecode.c.c; name = texture.c; path = ../src/texture.c; sourceTree = "<group>"; };
		6CCDC3082C1F496E00E9251C /* drawgl.c */ = {isa = PBXFileReference; lastKnownFileType = sourcecode.c.c; name = drawgl.c; path = ../src/drawgl.c; sourceTree = "<group>"; };
		6CCDC3092C1F496E00E9251C /* primitives.c */ = {isa = PBXFileReference; lastKnownFileType = sourcecode.c.c; name = primitives.c; path = ../src/primitives.c; sourceTree = "<group>"; };
		6CCDC30A2C1F496E00E9251C /* glad.c */ = {isa = PBXFileReference; lastKnownFileType = sourcecode.c.c; name = glad.c; path = ../src/glad.c; sourceTree = "<group>"; };
		6CCDC30B2C1F496E00E9251C /* shader.c */ = {isa = PBXFileReference; lastKnownFileType = sourcecode.c.c; name = shader.c; path = ../src/shader.c; sourceTree = "<group>"; };
		6CCDC3132C1F499900E9251C /* primitives.h */ = {isa = PBXFileReference; lastKnownFileType = sourcecode.c.h; name = primitives.h; path = ../src/primitives.h; sourceTree = "<group>"; };
		6CCDC3142C1F499900E9251C /* drawgl.h */ = {isa = PBXFileReference; lastKnownFileType = sourcecode.c.h; name = drawgl.h; path = ../src/drawgl.h; sourceTree = "<group>"; };
		6CCDC3152C1F499900E9251C /* camera.h */ = {isa = PBXFileReference; lastKnownFileType = sourcecode.c.h; name = camera.h; path = ../src/camera.h; sourceTree = "<group>"; };
		6CCDC3162C1F499900E9251C /* algebra.h */ = {isa = PBXFileReference; lastKnownFileType = sourcecode.c.h; name = algebra.h; path = ../src/algebra.h; sourceTree = "<group>"; };
		6CCDC3172C1F499900E9251C /* shader.h */ = {isa = PBXFileReference; lastKnownFileType = sourcecode.c.h; name = shader.h; path = ../src/shader.h; sourceTree = "<group>"; };
		6CCDC3182C1F499900E9251C /* engine.h */ = {isa = PBXFileReference; lastKnownFileType = sourcecode.c.h; name = engine.h; path = ../src/engine.h; sourceTree = "<group>"; };
		6CCDC3192C1F499900E9251C /* khrplatform.h */ = {isa = PBXFileReference; lastKnownFileType = sourcecode.c.h; name = khrplatform.h; path = ../src/khrplatform.h; sourceTree = "<group>"; };
		6CCDC31A2C1F499900E9251C /* texture.h */ = {isa = PBXFileReference; lastKnownFileType = sourcecode.c.h; name = texture.h; path = ../src/texture.h; sourceTree = "<group>"; };
		6CCDC31B2C1F499900E9251C /* fs.h */ = {isa = PBXFileReference; lastKnownFileType = sourcecode.c.h; name = fs.h; path = ../src/fs.h; sourceTree = "<group>"; };
		6CCDC31C2C1F499900E9251C /* glad.h */ = {isa = PBXFileReference; lastKnownFileType = sourcecode.c.h; name = glad.h; path = ../src/glad.h; sourceTree = "<group>"; };
/* End PBXFileReference section */

/* Begin PBXFrameworksBuildPhase section */
		6CCDC2F52C1F465000E9251C /* Frameworks */ = {
			isa = PBXFrameworksBuildPhase;
			buildActionMask = 2147483647;
			files = (
			);
			runOnlyForDeploymentPostprocessing = 0;
		};
/* End PBXFrameworksBuildPhase section */

/* Begin PBXGroup section */
		6CCDC2EE2C1F465000E9251C = {
			isa = PBXGroup;
			children = (
				6CCDC3162C1F499900E9251C /* algebra.h */,
				6CCDC3152C1F499900E9251C /* camera.h */,
				6CCDC3142C1F499900E9251C /* drawgl.h */,
				6CCDC3182C1F499900E9251C /* engine.h */,
				6CCDC31B2C1F499900E9251C /* fs.h */,
				6CCDC31C2C1F499900E9251C /* glad.h */,
				6CCDC3192C1F499900E9251C /* khrplatform.h */,
				6CCDC3132C1F499900E9251C /* primitives.h */,
				6CCDC3172C1F499900E9251C /* shader.h */,
				6CCDC31A2C1F499900E9251C /* texture.h */,
				6CCDC3032C1F494100E9251C /* algebra.c */,
				6CCDC3052C1F496E00E9251C /* algebra.c */,
				6CCDC3082C1F496E00E9251C /* drawgl.c */,
				6CCDC3062C1F496E00E9251C /* engine.c */,
				6CCDC30A2C1F496E00E9251C /* glad.c */,
				6CCDC3092C1F496E00E9251C /* primitives.c */,
				6CCDC30B2C1F496E00E9251C /* shader.c */,
				6CCDC3072C1F496E00E9251C /* texture.c */,
				6CCDC2F82C1F465000E9251C /* Products */,
			);
			sourceTree = "<group>";
		};
		6CCDC2F82C1F465000E9251C /* Products */ = {
			isa = PBXGroup;
			children = (
				6CCDC2F72C1F465000E9251C /* libgame-engine.a */,
			);
			name = Products;
			sourceTree = "<group>";
		};
/* End PBXGroup section */

/* Begin PBXHeadersBuildPhase section */
		6CCDC2F32C1F465000E9251C /* Headers */ = {
			isa = PBXHeadersBuildPhase;
			buildActionMask = 2147483647;
			files = (
				6CCDC31D2C1F499900E9251C /* primitives.h in Headers */,
				6CCDC31E2C1F499900E9251C /* drawgl.h in Headers */,
				6CCDC31F2C1F499900E9251C /* camera.h in Headers */,
				6CCDC3202C1F499900E9251C /* algebra.h in Headers */,
				6CCDC3212C1F499900E9251C /* shader.h in Headers */,
				6CCDC3222C1F499900E9251C /* engine.h in Headers */,
				6CCDC3232C1F499900E9251C /* khrplatform.h in Headers */,
				6CCDC3242C1F499900E9251C /* texture.h in Headers */,
				6CCDC3252C1F499900E9251C /* fs.h in Headers */,
				6CCDC3262C1F499900E9251C /* glad.h in Headers */,
			);
			runOnlyForDeploymentPostprocessing = 0;
		};
/* End PBXHeadersBuildPhase section */

/* Begin PBXNativeTarget section */
		6CCDC2F62C1F465000E9251C /* game-engine */ = {
			isa = PBXNativeTarget;
			buildConfigurationList = 6CCDC2FB2C1F465000E9251C /* Build configuration list for PBXNativeTarget "game-engine" */;
			buildPhases = (
				6CCDC2F32C1F465000E9251C /* Headers */,
				6CCDC2F42C1F465000E9251C /* Sources */,
				6CCDC2F52C1F465000E9251C /* Frameworks */,
			);
			buildRules = (
			);
			dependencies = (
			);
			name = "game-engine";
			productName = "game-engine";
			productReference = 6CCDC2F72C1F465000E9251C /* libgame-engine.a */;
			productType = "com.apple.product-type.library.static";
		};
/* End PBXNativeTarget section */

/* Begin PBXProject section */
		6CCDC2EF2C1F465000E9251C /* Project object */ = {
			isa = PBXProject;
			attributes = {
				BuildIndependentTargetsInParallel = 1;
				LastUpgradeCheck = 1500;
				TargetAttributes = {
					6CCDC2F62C1F465000E9251C = {
						CreatedOnToolsVersion = 15.0.1;
					};
				};
			};
			buildConfigurationList = 6CCDC2F22C1F465000E9251C /* Build configuration list for PBXProject "game-engine" */;
			compatibilityVersion = "Xcode 14.0";
			developmentRegion = en;
			hasScannedForEncodings = 0;
			knownRegions = (
				en,
				Base,
			);
			mainGroup = 6CCDC2EE2C1F465000E9251C;
			productRefGroup = 6CCDC2F82C1F465000E9251C /* Products */;
			projectDirPath = "";
			projectRoot = "";
			targets = (
				6CCDC2F62C1F465000E9251C /* game-engine */,
			);
		};
/* End PBXProject section */

/* Begin PBXSourcesBuildPhase section */
		6CCDC2F42C1F465000E9251C /* Sources */ = {
			isa = PBXSourcesBuildPhase;
			buildActionMask = 2147483647;
			files = (
				6CCDC30C2C1F496E00E9251C /* algebra.c in Sources */,
				6CCDC30D2C1F496E00E9251C /* engine.c in Sources */,
				6CCDC30E2C1F496E00E9251C /* texture.c in Sources */,
				6CCDC30F2C1F496E00E9251C /* drawgl.c in Sources */,
				6CCDC3102C1F496E00E9251C /* primitives.c in Sources */,
				6CCDC3112C1F496E00E9251C /* glad.c in Sources */,
				6CCDC3122C1F496E00E9251C /* shader.c in Sources */,
			);
			runOnlyForDeploymentPostprocessing = 0;
		};
/* End PBXSourcesBuildPhase section */

/* Begin XCBuildConfiguration section */
		6CCDC2F92C1F465000E9251C /* Debug */ = {
			isa = XCBuildConfiguration;
			buildSettings = {
				ALWAYS_SEARCH_USER_PATHS = NO;
				ASSETCATALOG_COMPILER_GENERATE_SWIFT_ASSET_SYMBOL_EXTENSIONS = YES;
				CLANG_ANALYZER_NONNULL = YES;
				CLANG_ANALYZER_NUMBER_OBJECT_CONVERSION = YES_AGGRESSIVE;
				CLANG_CXX_LANGUAGE_STANDARD = "gnu++20";
				CLANG_ENABLE_MODULES = YES;
				CLANG_ENABLE_OBJC_ARC = YES;
				CLANG_ENABLE_OBJC_WEAK = YES;
				CLANG_WARN_BLOCK_CAPTURE_AUTORELEASING = YES;
				CLANG_WARN_BOOL_CONVERSION = YES;
				CLANG_WARN_COMMA = YES;
				CLANG_WARN_CONSTANT_CONVERSION = YES;
				CLANG_WARN_DEPRECATED_OBJC_IMPLEMENTATIONS = YES;
				CLANG_WARN_DIRECT_OBJC_ISA_USAGE = YES_ERROR;
				CLANG_WARN_DOCUMENTATION_COMMENTS = YES;
				CLANG_WARN_EMPTY_BODY = YES;
				CLANG_WARN_ENUM_CONVERSION = YES;
				CLANG_WARN_INFINITE_RECURSION = YES;
				CLANG_WARN_INT_CONVERSION = YES;
				CLANG_WARN_NON_LITERAL_NULL_CONVERSION = YES;
				CLANG_WARN_OBJC_IMPLICIT_RETAIN_SELF = YES;
				CLANG_WARN_OBJC_LITERAL_CONVERSION = YES;
				CLANG_WARN_OBJC_ROOT_CLASS = YES_ERROR;
				CLANG_WARN_QUOTED_INCLUDE_IN_FRAMEWORK_HEADER = YES;
				CLANG_WARN_RANGE_LOOP_ANALYSIS = YES;
				CLANG_WARN_STRICT_PROTOTYPES = YES;
				CLANG_WARN_SUSPICIOUS_MOVE = YES;
				CLANG_WARN_UNGUARDED_AVAILABILITY = YES_AGGRESSIVE;
				CLANG_WARN_UNREACHABLE_CODE = YES;
				CLANG_WARN__DUPLICATE_METHOD_MATCH = YES;
				COPY_PHASE_STRIP = NO;
				DEBUG_INFORMATION_FORMAT = dwarf;
				ENABLE_STRICT_OBJC_MSGSEND = YES;
				ENABLE_TESTABILITY = YES;
				ENABLE_USER_SCRIPT_SANDBOXING = YES;
				FRAMEWORK_SEARCH_PATHS = "$(PROJECT_DIR)/../Frameworks";
				GCC_C_LANGUAGE_STANDARD = gnu17;
				GCC_DYNAMIC_NO_PIC = NO;
				GCC_NO_COMMON_BLOCKS = YES;
				GCC_OPTIMIZATION_LEVEL = 0;
				GCC_PREPROCESSOR_DEFINITIONS = (
					"DEBUG=1",
					"$(inherited)",
				);
				GCC_WARN_64_TO_32_BIT_CONVERSION = YES;
				GCC_WARN_ABOUT_RETURN_TYPE = YES_ERROR;
				GCC_WARN_UNDECLARED_SELECTOR = YES;
				GCC_WARN_UNINITIALIZED_AUTOS = YES_AGGRESSIVE;
				GCC_WARN_UNUSED_FUNCTION = YES;
				GCC_WARN_UNUSED_VARIABLE = YES;
				HEADER_SEARCH_PATHS = "$(PROJECT_DIR)/../include";
				LIBRARY_SEARCH_PATHS = "$(PROJECT_DIR)/../lib";
				LOCALIZATION_PREFERS_STRING_CATALOGS = YES;
				MACOSX_DEPLOYMENT_TARGET = 10.13;
				MTL_ENABLE_DEBUG_INFO = INCLUDE_SOURCE;
				MTL_FAST_MATH = YES;
				ONLY_ACTIVE_ARCH = YES;
				SDKROOT = macosx;
			};
			name = Debug;
		};
		6CCDC2FA2C1F465000E9251C /* Release */ = {
			isa = XCBuildConfiguration;
			buildSettings = {
				ALWAYS_SEARCH_USER_PATHS = NO;
				ASSETCATALOG_COMPILER_GENERATE_SWIFT_ASSET_SYMBOL_EXTENSIONS = YES;
				CLANG_ANALYZER_NONNULL = YES;
				CLANG_ANALYZER_NUMBER_OBJECT_CONVERSION = YES_AGGRESSIVE;
				CLANG_CXX_LANGUAGE_STANDARD = "gnu++20";
				CLANG_ENABLE_MODULES = YES;
				CLANG_ENABLE_OBJC_ARC = YES;
				CLANG_ENABLE_OBJC_WEAK = YES;
				CLANG_WARN_BLOCK_CAPTURE_AUTORELEASING = YES;
				CLANG_WARN_BOOL_CONVERSION = YES;
				CLANG_WARN_COMMA = YES;
				CLANG_WARN_CONSTANT_CONVERSION = YES;
				CLANG_WARN_DEPRECATED_OBJC_IMPLEMENTATIONS = YES;
				CLANG_WARN_DIRECT_OBJC_ISA_USAGE = YES_ERROR;
				CLANG_WARN_DOCUMENTATION_COMMENTS = YES;
				CLANG_WARN_EMPTY_BODY = YES;
				CLANG_WARN_ENUM_CONVERSION = YES;
				CLANG_WARN_INFINITE_RECURSION = YES;
				CLANG_WARN_INT_CONVERSION = YES;
				CLANG_WARN_NON_LITERAL_NULL_CONVERSION = YES;
				CLANG_WARN_OBJC_IMPLICIT_RETAIN_SELF = YES;
				CLANG_WARN_OBJC_LITERAL_CONVERSION = YES;
				CLANG_WARN_OBJC_ROOT_CLASS = YES_ERROR;
				CLANG_WARN_QUOTED_INCLUDE_IN_FRAMEWORK_HEADER = YES;
				CLANG_WARN_RANGE_LOOP_ANALYSIS = YES;
				CLANG_WARN_STRICT_PROTOTYPES = YES;
				CLANG_WARN_SUSPICIOUS_MOVE = YES;
				CLANG_WARN_UNGUARDED_AVAILABILITY = YES_AGGRESSIVE;
				CLANG_WARN_UNREACHABLE_CODE = YES;
				CLANG_WARN__DUPLICATE_METHOD_MATCH = YES;
				COPY_PHASE_STRIP = NO;
				DEBUG_INFORMATION_FORMAT = "dwarf-with-dsym";
				ENABLE_NS_ASSERTIONS = NO;
				ENABLE_STRICT_OBJC_MSGSEND = YES;
				ENABLE_USER_SCRIPT_SANDBOXING = YES;
				FRAMEWORK_SEARCH_PATHS = "$(PROJECT_DIR)/../Frameworks";
				GCC_C_LANGUAGE_STANDARD = gnu17;
				GCC_NO_COMMON_BLOCKS = YES;
				GCC_WARN_64_TO_32_BIT_CONVERSION = YES;
				GCC_WARN_ABOUT_RETURN_TYPE = YES_ERROR;
				GCC_WARN_UNDECLARED_SELECTOR = YES;
				GCC_WARN_UNINITIALIZED_AUTOS = YES_AGGRESSIVE;
				GCC_WARN_UNUSED_FUNCTION = YES;
				GCC_WARN_UNUSED_VARIABLE = YES;
				HEADER_SEARCH_PATHS = "$(PROJECT_DIR)/../include";
				LIBRARY_SEARCH_PATHS = "$(PROJECT_DIR)/../lib";
				LOCALIZATION_PREFERS_STRING_CATALOGS = YES;
				MACOSX_DEPLOYMENT_TARGET = 10.13;
				MTL_ENABLE_DEBUG_INFO = NO;
				MTL_FAST_MATH = YES;
				SDKROOT = macosx;
			};
			name = Release;
		};
		6CCDC2FC2C1F465000E9251C /* Debug */ = {
			isa = XCBuildConfiguration;
			buildSettings = {
				CLANG_CXX_LANGUAGE_STANDARD = "gnu++17";
				CODE_SIGN_STYLE = Automatic;
				EXECUTABLE_PREFIX = lib;
				INSTALL_PATH = "$(PROJECT_DIR)/../lib";
				PRODUCT_NAME = "$(TARGET_NAME)";
				SKIP_INSTALL = YES;
			};
			name = Debug;
		};
		6CCDC2FD2C1F465000E9251C /* Release */ = {
			isa = XCBuildConfiguration;
			buildSettings = {
				CLANG_CXX_LANGUAGE_STANDARD = "gnu++17";
				CODE_SIGN_STYLE = Automatic;
				EXECUTABLE_PREFIX = lib;
				INSTALL_PATH = "$(PROJECT_DIR)/../lib";
				PRODUCT_NAME = "$(TARGET_NAME)";
				SKIP_INSTALL = YES;
			};
			name = Release;
		};
/* End XCBuildConfiguration section */

/* Begin XCConfigurationList section */
		6CCDC2F22C1F465000E9251C /* Build configuration list for PBXProject "game-engine" */ = {
			isa = XCConfigurationList;
			buildConfigurations = (
				6CCDC2F92C1F465000E9251C /* Debug */,
				6CCDC2FA2C1F465000E9251C /* Release */,
			);
			defaultConfigurationIsVisible = 0;
			defaultConfigurationName = Release;
		};
		6CCDC2FB2C1F465000E9251C /* Build configuration list for PBXNativeTarget "game-engine" */ = {
			isa = XCConfigurationList;
			buildConfigurations = (
				6CCDC2FC2C1F465000E9251C /* Debug */,
				6CCDC2FD2C1F465000E9251C /* Release */,
			);
			defaultConfigurationIsVisible = 0;
			defaultConfigurationName = Release;
		};
/* End XCConfigurationList section */
	};
	rootObject = 6CCDC2EF2C1F465000E9251C /* Project object */;
}
